PODS:
  - Firebase/CoreOnly (6.29.0):
    - FirebaseCore (= 6.9.2)
  - Firebase/Functions (6.29.0):
    - Firebase/CoreOnly
    - FirebaseFunctions (~> 2.7.0)
  - FirebaseCore (6.9.2):
    - FirebaseCoreDiagnostics (~> 1.3)
    - GoogleUtilities/Environment (~> 6.7)
    - GoogleUtilities/Logger (~> 6.7)
  - FirebaseCoreDiagnostics (1.5.0):
    - GoogleDataTransport (~> 7.0)
    - GoogleUtilities/Environment (~> 6.7)
    - GoogleUtilities/Logger (~> 6.7)
    - nanopb (~> 1.30905.0)
  - FirebaseFunctions (2.7.0):
    - FirebaseCore (~> 6.8)
    - GTMSessionFetcher/Core (~> 1.1)
  - GoogleDataTransport (7.2.0):
    - nanopb (~> 1.30905.0)
  - GoogleUtilities/Environment (6.7.2):
    - PromisesObjC (~> 1.2)
  - GoogleUtilities/Logger (6.7.2):
    - GoogleUtilities/Environment
  - GTMSessionFetcher/Core (1.4.0)
  - nanopb (1.30905.0):
    - nanopb/decode (= 1.30905.0)
    - nanopb/encode (= 1.30905.0)
  - nanopb/decode (1.30905.0)
  - nanopb/encode (1.30905.0)
  - PromisesObjC (1.2.10)

DEPENDENCIES:
  - Firebase/Functions

SPEC REPOS:
  trunk:
    - Firebase
    - FirebaseCore
    - FirebaseCoreDiagnostics
    - FirebaseFunctions
    - GoogleDataTransport
    - GoogleUtilities
    - GTMSessionFetcher
    - nanopb
    - PromisesObjC

SPEC CHECKSUMS:
  Firebase: 57957c8d6eb3d8b80a560b1dc58be24724b89ff2
  FirebaseCore: 7930a1946517d94256d857f97371ed993b55f7bd
  FirebaseCoreDiagnostics: 7535fe695737f8c5b350584292a70b7f8ff0357b
  FirebaseFunctions: 13d690cb93e98eea1b304ab05b4bc4436538482a
  GoogleDataTransport: 672fb0ce96fe7f7f31d43672fca62ad2c9c86f7b
  GoogleUtilities: 7f2f5a07f888cdb145101d6042bc4422f57e70b3
  GTMSessionFetcher: 6f5c8abbab8a9bce4bb3f057e317728ec6182b10
  nanopb: c43f40fadfe79e8b8db116583945847910cbabc9
  PromisesObjC: b14b1c6b68e306650688599de8a45e49fae81151

PODFILE CHECKSUM: 0bf21181414ed35c7e5fc96da7dd0f72b77e7b34

COCOAPODS: 1.9.3
