// !$*UTF8*$!
{
	archiveVersion = 1;
	classes = {
	};
	objectVersion = 46;
	objects = {

/* Begin PBXBuildFile section */
		77C6E12D813584A560A4EF60 /* Pods_firestore_smoketest_objc.framework in Frameworks */ = {isa = PBXBuildFile; fileRef = 39FAB16356407D4F0CA85E24 /* Pods_firestore_smoketest_objc.framework */; };
		8D4F2EF2201162EE002ED308 /* GoogleService-Info.plist in Resources */ = {isa = PBXBuildFile; fileRef = 8D4F2EF1201162EE002ED308 /* GoogleService-Info.plist */; };
		8D70FC1F1F4CAE1B00C7F603 /* main.m in Sources */ = {isa = PBXBuildFile; fileRef = 8D70FC1E1F4CAE1B00C7F603 /* main.m */; };
		8D70FC221F4CAE1B00C7F603 /* AppDelegate.m in Sources */ = {isa = PBXBuildFile; fileRef = 8D70FC211F4CAE1B00C7F603 /* AppDelegate.m */; };
		8D70FC251F4CAE1B00C7F603 /* ViewController.m in Sources */ = {isa = PBXBuildFile; fileRef = 8D70FC241F4CAE1B00C7F603 /* ViewController.m */; };
		8D70FC281F4CAE1B00C7F603 /* Main.storyboard in Resources */ = {isa = PBXBuildFile; fileRef = 8D70FC261F4CAE1B00C7F603 /* Main.storyboard */; };
		8D70FC2A1F4CAE1B00C7F603 /* Assets.xcassets in Resources */ = {isa = PBXBuildFile; fileRef = 8D70FC291F4CAE1B00C7F603 /* Assets.xcassets */; };
		8D70FC2D1F4CAE1B00C7F603 /* LaunchScreen.storyboard in Resources */ = {isa = PBXBuildFile; fileRef = 8D70FC2B1F4CAE1B00C7F603 /* LaunchScreen.storyboard */; };
		8D70FC381F4CAE1B00C7F603 /* firestore_smoketest_objcTests.m in Sources */ = {isa = PBXBuildFile; fileRef = 8D70FC371F4CAE1B00C7F603 /* firestore_smoketest_objcTests.m */; };
		9643A4732110AAD452718171 /* Pods_firestore_smoketest_objcTests.framework in Frameworks */ = {isa = PBXBuildFile; fileRef = 0EC8EA61BF6D033F7725CD3E /* Pods_firestore_smoketest_objcTests.framework */; };
/* End PBXBuildFile section */

/* Begin PBXContainerItemProxy section */
		8D70FC341F4CAE1B00C7F603 /* PBXContainerItemProxy */ = {
			isa = PBXContainerItemProxy;
			containerPortal = 8D70FC121F4CAE1B00C7F603 /* Project object */;
			proxyType = 1;
			remoteGlobalIDString = 8D70FC191F4CAE1B00C7F603;
			remoteInfo = "firestore-smoketest-objc";
		};
/* End PBXContainerItemProxy section */

/* Begin PBXFileReference section */
		0EC8EA61BF6D033F7725CD3E /* Pods_firestore_smoketest_objcTests.framework */ = {isa = PBXFileReference; explicitFileType = wrapper.framework; includeInIndex = 0; path = Pods_firestore_smoketest_objcTests.framework; sourceTree = BUILT_PRODUCTS_DIR; };
		39FAB16356407D4F0CA85E24 /* Pods_firestore_smoketest_objc.framework */ = {isa = PBXFileReference; explicitFileType = wrapper.framework; includeInIndex = 0; path = Pods_firestore_smoketest_objc.framework; sourceTree = BUILT_PRODUCTS_DIR; };
		43B2F0F2C37582A010AE9294 /* Pods-firestore-smoketest-objcTests.debug.xcconfig */ = {isa = PBXFileReference; includeInIndex = 1; lastKnownFileType = text.xcconfig; name = "Pods-firestore-smoketest-objcTests.debug.xcconfig"; path = "Pods/Target Support Files/Pods-firestore-smoketest-objcTests/Pods-firestore-smoketest-objcTests.debug.xcconfig"; sourceTree = "<group>"; };
		5984CCA2B9303BF6A6B13BD4 /* Pods-firestore-smoketest-objc.release.xcconfig */ = {isa = PBXFileReference; includeInIndex = 1; lastKnownFileType = text.xcconfig; name = "Pods-firestore-smoketest-objc.release.xcconfig"; path = "Pods/Target Support Files/Pods-firestore-smoketest-objc/Pods-firestore-smoketest-objc.release.xcconfig"; sourceTree = "<group>"; };
		63D4DB4E50DFAC2B93C81355 /* Pods-firestore-smoketest-objc.debug.xcconfig */ = {isa = PBXFileReference; includeInIndex = 1; lastKnownFileType = text.xcconfig; name = "Pods-firestore-smoketest-objc.debug.xcconfig"; path = "Pods/Target Support Files/Pods-firestore-smoketest-objc/Pods-firestore-smoketest-objc.debug.xcconfig"; sourceTree = "<group>"; };
		8C41970EA36979726932A670 /* Pods-firestore-smoketest-objcTests.release.xcconfig */ = {isa = PBXFileReference; includeInIndex = 1; lastKnownFileType = text.xcconfig; name = "Pods-firestore-smoketest-objcTests.release.xcconfig"; path = "Pods/Target Support Files/Pods-firestore-smoketest-objcTests/Pods-firestore-smoketest-objcTests.release.xcconfig"; sourceTree = "<group>"; };
		8D4F2EF1201162EE002ED308 /* GoogleService-Info.plist */ = {isa = PBXFileReference; fileEncoding = 4; lastKnownFileType = text.plist.xml; path = "GoogleService-Info.plist"; sourceTree = "<group>"; };
		8D70FC1A1F4CAE1B00C7F603 /* firestore-smoketest-objc.app */ = {isa = PBXFileReference; explicitFileType = wrapper.application; includeInIndex = 0; path = "firestore-smoketest-objc.app"; sourceTree = BUILT_PRODUCTS_DIR; };
		8D70FC1E1F4CAE1B00C7F603 /* main.m */ = {isa = PBXFileReference; lastKnownFileType = sourcecode.c.objc; path = main.m; sourceTree = "<group>"; };
		8D70FC201F4CAE1B00C7F603 /* AppDelegate.h */ = {isa = PBXFileReference; lastKnownFileType = sourcecode.c.h; path = AppDelegate.h; sourceTree = "<group>"; };
		8D70FC211F4CAE1B00C7F603 /* AppDelegate.m */ = {isa = PBXFileReference; lastKnownFileType = sourcecode.c.objc; path = AppDelegate.m; sourceTree = "<group>"; };
		8D70FC231F4CAE1B00C7F603 /* ViewController.h */ = {isa = PBXFileReference; lastKnownFileType = sourcecode.c.h; path = ViewController.h; sourceTree = "<group>"; };
		8D70FC241F4CAE1B00C7F603 /* ViewController.m */ = {isa = PBXFileReference; lastKnownFileType = sourcecode.c.objc; path = ViewController.m; sourceTree = "<group>"; };
		8D70FC271F4CAE1B00C7F603 /* Base */ = {isa = PBXFileReference; lastKnownFileType = file.storyboard; name = Base; path = Base.lproj/Main.storyboard; sourceTree = "<group>"; };
		8D70FC291F4CAE1B00C7F603 /* Assets.xcassets */ = {isa = PBXFileReference; lastKnownFileType = folder.assetcatalog; path = Assets.xcassets; sourceTree = "<group>"; };
		8D70FC2C1F4CAE1B00C7F603 /* Base */ = {isa = PBXFileReference; lastKnownFileType = file.storyboard; name = Base; path = Base.lproj/LaunchScreen.storyboard; sourceTree = "<group>"; };
		8D70FC2E1F4CAE1B00C7F603 /* Info.plist */ = {isa = PBXFileReference; lastKnownFileType = text.plist.xml; path = Info.plist; sourceTree = "<group>"; };
		8D70FC331F4CAE1B00C7F603 /* firestore-smoketest-objcTests.xctest */ = {isa = PBXFileReference; explicitFileType = wrapper.cfbundle; includeInIndex = 0; path = "firestore-smoketest-objcTests.xctest"; sourceTree = BUILT_PRODUCTS_DIR; };
		8D70FC371F4CAE1B00C7F603 /* firestore_smoketest_objcTests.m */ = {isa = PBXFileReference; lastKnownFileType = sourcecode.c.objc; path = firestore_smoketest_objcTests.m; sourceTree = "<group>"; };
		8D70FC391F4CAE1B00C7F603 /* Info.plist */ = {isa = PBXFileReference; lastKnownFileType = text.plist.xml; path = Info.plist; sourceTree = "<group>"; };
/* End PBXFileReference section */

/* Begin PBXFrameworksBuildPhase section */
		8D70FC171F4CAE1B00C7F603 /* Frameworks */ = {
			isa = PBXFrameworksBuildPhase;
			buildActionMask = 2147483647;
			files = (
				77C6E12D813584A560A4EF60 /* Pods_firestore_smoketest_objc.framework in Frameworks */,
			);
			runOnlyForDeploymentPostprocessing = 0;
		};
		8D70FC301F4CAE1B00C7F603 /* Frameworks */ = {
			isa = PBXFrameworksBuildPhase;
			buildActionMask = 2147483647;
			files = (
				9643A4732110AAD452718171 /* Pods_firestore_smoketest_objcTests.framework in Frameworks */,
			);
			runOnlyForDeploymentPostprocessing = 0;
		};
/* End PBXFrameworksBuildPhase section */

/* Begin PBXGroup section */
		8D70FC111F4CAE1B00C7F603 = {
			isa = PBXGroup;
			children = (
				8D4F2EF1201162EE002ED308 /* GoogleService-Info.plist */,
				8D70FC1C1F4CAE1B00C7F603 /* firestore-smoketest-objc */,
				8D70FC361F4CAE1B00C7F603 /* firestore-smoketest-objcTests */,
				8D70FC1B1F4CAE1B00C7F603 /* Products */,
				E6761367B2EF3AE69F4A43EB /* Pods */,
				D5D67BAFB8AE1ADDAEF9FC08 /* Frameworks */,
			);
			sourceTree = "<group>";
		};
		8D70FC1B1F4CAE1B00C7F603 /* Products */ = {
			isa = PBXGroup;
			children = (
				8D70FC1A1F4CAE1B00C7F603 /* firestore-smoketest-objc.app */,
				8D70FC331F4CAE1B00C7F603 /* firestore-smoketest-objcTests.xctest */,
			);
			name = Products;
			sourceTree = "<group>";
		};
		8D70FC1C1F4CAE1B00C7F603 /* firestore-smoketest-objc */ = {
			isa = PBXGroup;
			children = (
				8D70FC201F4CAE1B00C7F603 /* AppDelegate.h */,
				8D70FC211F4CAE1B00C7F603 /* AppDelegate.m */,
				8D70FC231F4CAE1B00C7F603 /* ViewController.h */,
				8D70FC241F4CAE1B00C7F603 /* ViewController.m */,
				8D70FC261F4CAE1B00C7F603 /* Main.storyboard */,
				8D70FC291F4CAE1B00C7F603 /* Assets.xcassets */,
				8D70FC2B1F4CAE1B00C7F603 /* LaunchScreen.storyboard */,
				8D70FC2E1F4CAE1B00C7F603 /* Info.plist */,
				8D70FC1D1F4CAE1B00C7F603 /* Supporting Files */,
			);
			path = "firestore-smoketest-objc";
			sourceTree = "<group>";
		};
		8D70FC1D1F4CAE1B00C7F603 /* Supporting Files */ = {
			isa = PBXGroup;
			children = (
				8D70FC1E1F4CAE1B00C7F603 /* main.m */,
			);
			name = "Supporting Files";
			sourceTree = "<group>";
		};
		8D70FC361F4CAE1B00C7F603 /* firestore-smoketest-objcTests */ = {
			isa = PBXGroup;
			children = (
				8D70FC371F4CAE1B00C7F603 /* firestore_smoketest_objcTests.m */,
				8D70FC391F4CAE1B00C7F603 /* Info.plist */,
			);
			path = "firestore-smoketest-objcTests";
			sourceTree = "<group>";
		};
		D5D67BAFB8AE1ADDAEF9FC08 /* Frameworks */ = {
			isa = PBXGroup;
			children = (
				39FAB16356407D4F0CA85E24 /* Pods_firestore_smoketest_objc.framework */,
				0EC8EA61BF6D033F7725CD3E /* Pods_firestore_smoketest_objcTests.framework */,
			);
			name = Frameworks;
			sourceTree = "<group>";
		};
		E6761367B2EF3AE69F4A43EB /* Pods */ = {
			isa = PBXGroup;
			children = (
				63D4DB4E50DFAC2B93C81355 /* Pods-firestore-smoketest-objc.debug.xcconfig */,
				5984CCA2B9303BF6A6B13BD4 /* Pods-firestore-smoketest-objc.release.xcconfig */,
				43B2F0F2C37582A010AE9294 /* Pods-firestore-smoketest-objcTests.debug.xcconfig */,
				8C41970EA36979726932A670 /* Pods-firestore-smoketest-objcTests.release.xcconfig */,
			);
			name = Pods;
			sourceTree = "<group>";
		};
/* End PBXGroup section */

/* Begin PBXNativeTarget section */
		8D70FC191F4CAE1B00C7F603 /* firestore-smoketest-objc */ = {
			isa = PBXNativeTarget;
			buildConfigurationList = 8D70FC3C1F4CAE1B00C7F603 /* Build configuration list for PBXNativeTarget "firestore-smoketest-objc" */;
			buildPhases = (
				6CD4CF9A9D7900FA116DA201 /* [CP] Check Pods Manifest.lock */,
				8D70FC161F4CAE1B00C7F603 /* Sources */,
				8D70FC171F4CAE1B00C7F603 /* Frameworks */,
				8D70FC181F4CAE1B00C7F603 /* Resources */,
				2BE6E1D15E37E1F1ABD69BE0 /* [CP] Embed Pods Frameworks */,
			);
			buildRules = (
			);
			dependencies = (
			);
			name = "firestore-smoketest-objc";
			productName = "firestore-smoketest-objc";
			productReference = 8D70FC1A1F4CAE1B00C7F603 /* firestore-smoketest-objc.app */;
			productType = "com.apple.product-type.application";
		};
		8D70FC321F4CAE1B00C7F603 /* firestore-smoketest-objcTests */ = {
			isa = PBXNativeTarget;
			buildConfigurationList = 8D70FC3F1F4CAE1B00C7F603 /* Build configuration list for PBXNativeTarget "firestore-smoketest-objcTests" */;
			buildPhases = (
				E47253D09DE57A307F4CFB00 /* [CP] Check Pods Manifest.lock */,
				8D70FC2F1F4CAE1B00C7F603 /* Sources */,
				8D70FC301F4CAE1B00C7F603 /* Frameworks */,
				8D70FC311F4CAE1B00C7F603 /* Resources */,
			);
			buildRules = (
			);
			dependencies = (
				8D70FC351F4CAE1B00C7F603 /* PBXTargetDependency */,
			);
			name = "firestore-smoketest-objcTests";
			productName = "firestore-smoketest-objcTests";
			productReference = 8D70FC331F4CAE1B00C7F603 /* firestore-smoketest-objcTests.xctest */;
			productType = "com.apple.product-type.bundle.unit-test";
		};
/* End PBXNativeTarget section */

/* Begin PBXProject section */
		8D70FC121F4CAE1B00C7F603 /* Project object */ = {
			isa = PBXProject;
			attributes = {
				LastUpgradeCheck = 0830;
				ORGANIZATIONNAME = Firebase;
				TargetAttributes = {
					8D70FC191F4CAE1B00C7F603 = {
						CreatedOnToolsVersion = 8.3.3;
						ProvisioningStyle = Automatic;
					};
					8D70FC321F4CAE1B00C7F603 = {
						CreatedOnToolsVersion = 8.3.3;
						ProvisioningStyle = Automatic;
						TestTargetID = 8D70FC191F4CAE1B00C7F603;
					};
				};
			};
			buildConfigurationList = 8D70FC151F4CAE1B00C7F603 /* Build configuration list for PBXProject "firestore-smoketest-objc" */;
			compatibilityVersion = "Xcode 3.2";
			developmentRegion = English;
			hasScannedForEncodings = 0;
			knownRegions = (
				en,
				Base,
			);
			mainGroup = 8D70FC111F4CAE1B00C7F603;
			productRefGroup = 8D70FC1B1F4CAE1B00C7F603 /* Products */;
			projectDirPath = "";
			projectRoot = "";
			targets = (
				8D70FC191F4CAE1B00C7F603 /* firestore-smoketest-objc */,
				8D70FC321F4CAE1B00C7F603 /* firestore-smoketest-objcTests */,
			);
		};
/* End PBXProject section */

/* Begin PBXResourcesBuildPhase section */
		8D70FC181F4CAE1B00C7F603 /* Resources */ = {
			isa = PBXResourcesBuildPhase;
			buildActionMask = 2147483647;
			files = (
				8D70FC2D1F4CAE1B00C7F603 /* LaunchScreen.storyboard in Resources */,
				8D4F2EF2201162EE002ED308 /* GoogleService-Info.plist in Resources */,
				8D70FC2A1F4CAE1B00C7F603 /* Assets.xcassets in Resources */,
				8D70FC281F4CAE1B00C7F603 /* Main.storyboard in Resources */,
			);
			runOnlyForDeploymentPostprocessing = 0;
		};
		8D70FC311F4CAE1B00C7F603 /* Resources */ = {
			isa = PBXResourcesBuildPhase;
			buildActionMask = 2147483647;
			files = (
			);
			runOnlyForDeploymentPostprocessing = 0;
		};
/* End PBXResourcesBuildPhase section */

/* Begin PBXShellScriptBuildPhase section */
		2BE6E1D15E37E1F1ABD69BE0 /* [CP] Embed Pods Frameworks */ = {
			isa = PBXShellScriptBuildPhase;
			buildActionMask = 2147483647;
			files = (
			);
			inputPaths = (
				"${SRCROOT}/Pods/Target Support Files/Pods-firestore-smoketest-objc/Pods-firestore-smoketest-objc-frameworks.sh",
				"${BUILT_PRODUCTS_DIR}/BoringSSL/openssl.framework",
				"${BUILT_PRODUCTS_DIR}/GTMSessionFetcher/GTMSessionFetcher.framework",
				"${BUILT_PRODUCTS_DIR}/GoogleToolboxForMac/GoogleToolboxForMac.framework",
				"${BUILT_PRODUCTS_DIR}/Protobuf/Protobuf.framework",
				"${BUILT_PRODUCTS_DIR}/gRPC/GRPCClient.framework",
				"${BUILT_PRODUCTS_DIR}/gRPC-Core/grpc.framework",
				"${BUILT_PRODUCTS_DIR}/gRPC-ProtoRPC/ProtoRPC.framework",
				"${BUILT_PRODUCTS_DIR}/gRPC-RxLibrary/RxLibrary.framework",
				"${BUILT_PRODUCTS_DIR}/leveldb-library/leveldb.framework",
				"${BUILT_PRODUCTS_DIR}/nanopb/nanopb.framework",
			);
			name = "[CP] Embed Pods Frameworks";
			outputPaths = (
				"${TARGET_BUILD_DIR}/${FRAMEWORKS_FOLDER_PATH}/openssl.framework",
				"${TARGET_BUILD_DIR}/${FRAMEWORKS_FOLDER_PATH}/GTMSessionFetcher.framework",
				"${TARGET_BUILD_DIR}/${FRAMEWORKS_FOLDER_PATH}/GoogleToolboxForMac.framework",
				"${TARGET_BUILD_DIR}/${FRAMEWORKS_FOLDER_PATH}/Protobuf.framework",
				"${TARGET_BUILD_DIR}/${FRAMEWORKS_FOLDER_PATH}/GRPCClient.framework",
				"${TARGET_BUILD_DIR}/${FRAMEWORKS_FOLDER_PATH}/grpc.framework",
				"${TARGET_BUILD_DIR}/${FRAMEWORKS_FOLDER_PATH}/ProtoRPC.framework",
				"${TARGET_BUILD_DIR}/${FRAMEWORKS_FOLDER_PATH}/RxLibrary.framework",
				"${TARGET_BUILD_DIR}/${FRAMEWORKS_FOLDER_PATH}/leveldb.framework",
				"${TARGET_BUILD_DIR}/${FRAMEWORKS_FOLDER_PATH}/nanopb.framework",
			);
			runOnlyForDeploymentPostprocessing = 0;
			shellPath = /bin/sh;
			shellScript = "\"${SRCROOT}/Pods/Target Support Files/Pods-firestore-smoketest-objc/Pods-firestore-smoketest-objc-frameworks.sh\"\n";
			showEnvVarsInLog = 0;
		};
		6CD4CF9A9D7900FA116DA201 /* [CP] Check Pods Manifest.lock */ = {
			isa = PBXShellScriptBuildPhase;
			buildActionMask = 2147483647;
			files = (
			);
			inputPaths = (
				"${PODS_PODFILE_DIR_PATH}/Podfile.lock",
				"${PODS_ROOT}/Manifest.lock",
			);
			name = "[CP] Check Pods Manifest.lock";
			outputPaths = (
				"$(DERIVED_FILE_DIR)/Pods-firestore-smoketest-objc-checkManifestLockResult.txt",
			);
			runOnlyForDeploymentPostprocessing = 0;
			shellPath = /bin/sh;
			shellScript = "diff \"${PODS_PODFILE_DIR_PATH}/Podfile.lock\" \"${PODS_ROOT}/Manifest.lock\" > /dev/null\nif [ $? != 0 ] ; then\n    # print error to STDERR\n    echo \"error: The sandbox is not in sync with the Podfile.lock. Run 'pod install' or update your CocoaPods installation.\" >&2\n    exit 1\nfi\n# This output is used by Xcode 'outputs' to avoid re-running this script phase.\necho \"SUCCESS\" > \"${SCRIPT_OUTPUT_FILE_0}\"\n";
			showEnvVarsInLog = 0;
		};
		E47253D09DE57A307F4CFB00 /* [CP] Check Pods Manifest.lock */ = {
			isa = PBXShellScriptBuildPhase;
			buildActionMask = 2147483647;
			files = (
			);
			inputPaths = (
				"${PODS_PODFILE_DIR_PATH}/Podfile.lock",
				"${PODS_ROOT}/Manifest.lock",
			);
			name = "[CP] Check Pods Manifest.lock";
			outputPaths = (
				"$(DERIVED_FILE_DIR)/Pods-firestore-smoketest-objcTests-checkManifestLockResult.txt",
			);
			runOnlyForDeploymentPostprocessing = 0;
			shellPath = /bin/sh;
			shellScript = "diff \"${PODS_PODFILE_DIR_PATH}/Podfile.lock\" \"${PODS_ROOT}/Manifest.lock\" > /dev/null\nif [ $? != 0 ] ; then\n    # print error to STDERR\n    echo \"error: The sandbox is not in sync with the Podfile.lock. Run 'pod install' or update your CocoaPods installation.\" >&2\n    exit 1\nfi\n# This output is used by Xcode 'outputs' to avoid re-running this script phase.\necho \"SUCCESS\" > \"${SCRIPT_OUTPUT_FILE_0}\"\n";
			showEnvVarsInLog = 0;
		};
/* End PBXShellScriptBuildPhase section */

/* Begin PBXSourcesBuildPhase section */
		8D70FC161F4CAE1B00C7F603 /* Sources */ = {
			isa = PBXSourcesBuildPhase;
			buildActionMask = 2147483647;
			files = (
				8D70FC251F4CAE1B00C7F603 /* ViewController.m in Sources */,
				8D70FC221F4CAE1B00C7F603 /* AppDelegate.m in Sources */,
				8D70FC1F1F4CAE1B00C7F603 /* main.m in Sources */,
			);
			runOnlyForDeploymentPostprocessing = 0;
		};
		8D70FC2F1F4CAE1B00C7F603 /* Sources */ = {
			isa = PBXSourcesBuildPhase;
			buildActionMask = 2147483647;
			files = (
				8D70FC381F4CAE1B00C7F603 /* firestore_smoketest_objcTests.m in Sources */,
			);
			runOnlyForDeploymentPostprocessing = 0;
		};
/* End PBXSourcesBuildPhase section */

/* Begin PBXTargetDependency section */
		8D70FC351F4CAE1B00C7F603 /* PBXTargetDependency */ = {
			isa = PBXTargetDependency;
			target = 8D70FC191F4CAE1B00C7F603 /* firestore-smoketest-objc */;
			targetProxy = 8D70FC341F4CAE1B00C7F603 /* PBXContainerItemProxy */;
		};
/* End PBXTargetDependency section */

/* Begin PBXVariantGroup section */
		8D70FC261F4CAE1B00C7F603 /* Main.storyboard */ = {
			isa = PBXVariantGroup;
			children = (
				8D70FC271F4CAE1B00C7F603 /* Base */,
			);
			name = Main.storyboard;
			sourceTree = "<group>";
		};
		8D70FC2B1F4CAE1B00C7F603 /* LaunchScreen.storyboard */ = {
			isa = PBXVariantGroup;
			children = (
				8D70FC2C1F4CAE1B00C7F603 /* Base */,
			);
			name = LaunchScreen.storyboard;
			sourceTree = "<group>";
		};
/* End PBXVariantGroup section */

/* Begin XCBuildConfiguration section */
		8D70FC3A1F4CAE1B00C7F603 /* Debug */ = {
			isa = XCBuildConfiguration;
			buildSettings = {
				ALWAYS_SEARCH_USER_PATHS = NO;
				CLANG_ANALYZER_NONNULL = YES;
				CLANG_ANALYZER_NUMBER_OBJECT_CONVERSION = YES_AGGRESSIVE;
				CLANG_CXX_LANGUAGE_STANDARD = "gnu++0x";
				CLANG_CXX_LIBRARY = "libc++";
				CLANG_ENABLE_MODULES = YES;
				CLANG_ENABLE_OBJC_ARC = YES;
				CLANG_WARN_BOOL_CONVERSION = YES;
				CLANG_WARN_CONSTANT_CONVERSION = YES;
				CLANG_WARN_DIRECT_OBJC_ISA_USAGE = YES_ERROR;
				CLANG_WARN_DOCUMENTATION_COMMENTS = YES;
				CLANG_WARN_EMPTY_BODY = YES;
				CLANG_WARN_ENUM_CONVERSION = YES;
				CLANG_WARN_INFINITE_RECURSION = YES;
				CLANG_WARN_INT_CONVERSION = YES;
				CLANG_WARN_OBJC_ROOT_CLASS = YES_ERROR;
				CLANG_WARN_SUSPICIOUS_MOVE = YES;
				CLANG_WARN_UNREACHABLE_CODE = YES;
				CLANG_WARN__DUPLICATE_METHOD_MATCH = YES;
				"CODE_SIGN_IDENTITY[sdk=iphoneos*]" = "iPhone Developer";
				COPY_PHASE_STRIP = NO;
				DEBUG_INFORMATION_FORMAT = dwarf;
				ENABLE_STRICT_OBJC_MSGSEND = YES;
				ENABLE_TESTABILITY = YES;
				GCC_C_LANGUAGE_STANDARD = gnu99;
				GCC_DYNAMIC_NO_PIC = NO;
				GCC_NO_COMMON_BLOCKS = YES;
				GCC_OPTIMIZATION_LEVEL = 0;
				GCC_PREPROCESSOR_DEFINITIONS = (
					"DEBUG=1",
					"$(inherited)",
				);
				GCC_WARN_64_TO_32_BIT_CONVERSION = YES;
				GCC_WARN_ABOUT_RETURN_TYPE = YES_ERROR;
				GCC_WARN_UNDECLARED_SELECTOR = YES;
				GCC_WARN_UNINITIALIZED_AUTOS = YES_AGGRESSIVE;
				GCC_WARN_UNUSED_FUNCTION = YES;
				GCC_WARN_UNUSED_VARIABLE = YES;
				IPHONEOS_DEPLOYMENT_TARGET = 10.3;
				MTL_ENABLE_DEBUG_INFO = YES;
				ONLY_ACTIVE_ARCH = YES;
				SDKROOT = iphoneos;
				TARGETED_DEVICE_FAMILY = "1,2";
			};
			name = Debug;
		};
		8D70FC3B1F4CAE1B00C7F603 /* Release */ = {
			isa = XCBuildConfiguration;
			buildSettings = {
				ALWAYS_SEARCH_USER_PATHS = NO;
				CLANG_ANALYZER_NONNULL = YES;
				CLANG_ANALYZER_NUMBER_OBJECT_CONVERSION = YES_AGGRESSIVE;
				CLANG_CXX_LANGUAGE_STANDARD = "gnu++0x";
				CLANG_CXX_LIBRARY = "libc++";
				CLANG_ENABLE_MODULES = YES;
				CLANG_ENABLE_OBJC_ARC = YES;
				CLANG_WARN_BOOL_CONVERSION = YES;
				CLANG_WARN_CONSTANT_CONVERSION = YES;
				CLANG_WARN_DIRECT_OBJC_ISA_USAGE = YES_ERROR;
				CLANG_WARN_DOCUMENTATION_COMMENTS = YES;
				CLANG_WARN_EMPTY_BODY = YES;
				CLANG_WARN_ENUM_CONVERSION = YES;
				CLANG_WARN_INFINITE_RECURSION = YES;
				CLANG_WARN_INT_CONVERSION = YES;
				CLANG_WARN_OBJC_ROOT_CLASS = YES_ERROR;
				CLANG_WARN_SUSPICIOUS_MOVE = YES;
				CLANG_WARN_UNREACHABLE_CODE = YES;
				CLANG_WARN__DUPLICATE_METHOD_MATCH = YES;
				"CODE_SIGN_IDENTITY[sdk=iphoneos*]" = "iPhone Developer";
				COPY_PHASE_STRIP = NO;
				DEBUG_INFORMATION_FORMAT = "dwarf-with-dsym";
				ENABLE_NS_ASSERTIONS = NO;
				ENABLE_STRICT_OBJC_MSGSEND = YES;
				GCC_C_LANGUAGE_STANDARD = gnu99;
				GCC_NO_COMMON_BLOCKS = YES;
				GCC_WARN_64_TO_32_BIT_CONVERSION = YES;
				GCC_WARN_ABOUT_RETURN_TYPE = YES_ERROR;
				GCC_WARN_UNDECLARED_SELECTOR = YES;
				GCC_WARN_UNINITIALIZED_AUTOS = YES_AGGRESSIVE;
				GCC_WARN_UNUSED_FUNCTION = YES;
				GCC_WARN_UNUSED_VARIABLE = YES;
				IPHONEOS_DEPLOYMENT_TARGET = 10.3;
				MTL_ENABLE_DEBUG_INFO = NO;
				SDKROOT = iphoneos;
				TARGETED_DEVICE_FAMILY = "1,2";
				VALIDATE_PRODUCT = YES;
			};
			name = Release;
		};
		8D70FC3D1F4CAE1B00C7F603 /* Debug */ = {
			isa = XCBuildConfiguration;
			baseConfigurationReference = 63D4DB4E50DFAC2B93C81355 /* Pods-firestore-smoketest-objc.debug.xcconfig */;
			buildSettings = {
				ASSETCATALOG_COMPILER_APPICON_NAME = AppIcon;
				INFOPLIST_FILE = "firestore-smoketest-objc/Info.plist";
				LD_RUNPATH_SEARCH_PATHS = "$(inherited) @executable_path/Frameworks";
				PRODUCT_BUNDLE_IDENTIFIER = "com.firebase.firestore-smoketest-objc";
				PRODUCT_NAME = "$(TARGET_NAME)";
			};
			name = Debug;
		};
		8D70FC3E1F4CAE1B00C7F603 /* Release */ = {
			isa = XCBuildConfiguration;
			baseConfigurationReference = 5984CCA2B9303BF6A6B13BD4 /* Pods-firestore-smoketest-objc.release.xcconfig */;
			buildSettings = {
				ASSETCATALOG_COMPILER_APPICON_NAME = AppIcon;
				INFOPLIST_FILE = "firestore-smoketest-objc/Info.plist";
				LD_RUNPATH_SEARCH_PATHS = "$(inherited) @executable_path/Frameworks";
				PRODUCT_BUNDLE_IDENTIFIER = "com.firebase.firestore-smoketest-objc";
				PRODUCT_NAME = "$(TARGET_NAME)";
			};
			name = Release;
		};
		8D70FC401F4CAE1B00C7F603 /* Debug */ = {
			isa = XCBuildConfiguration;
			baseConfigurationReference = 43B2F0F2C37582A010AE9294 /* Pods-firestore-smoketest-objcTests.debug.xcconfig */;
			buildSettings = {
				BUNDLE_LOADER = "$(TEST_HOST)";
				INFOPLIST_FILE = "firestore-smoketest-objcTests/Info.plist";
				LD_RUNPATH_SEARCH_PATHS = "$(inherited) @executable_path/Frameworks @loader_path/Frameworks";
				PRODUCT_BUNDLE_IDENTIFIER = "com.firebase.firestore-smoketest-objcTests";
				PRODUCT_NAME = "$(TARGET_NAME)";
				TEST_HOST = "$(BUILT_PRODUCTS_DIR)/firestore-smoketest-objc.app/firestore-smoketest-objc";
			};
			name = Debug;
		};
		8D70FC411F4CAE1B00C7F603 /* Release */ = {
			isa = XCBuildConfiguration;
			baseConfigurationReference = 8C41970EA36979726932A670 /* Pods-firestore-smoketest-objcTests.release.xcconfig */;
			buildSettings = {
				BUNDLE_LOADER = "$(TEST_HOST)";
				INFOPLIST_FILE = "firestore-smoketest-objcTests/Info.plist";
				LD_RUNPATH_SEARCH_PATHS = "$(inherited) @executable_path/Frameworks @loader_path/Frameworks";
				PRODUCT_BUNDLE_IDENTIFIER = "com.firebase.firestore-smoketest-objcTests";
				PRODUCT_NAME = "$(TARGET_NAME)";
				TEST_HOST = "$(BUILT_PRODUCTS_DIR)/firestore-smoketest-objc.app/firestore-smoketest-objc";
			};
			name = Release;
		};
/* End XCBuildConfiguration section */

/* Begin XCConfigurationList section */
		8D70FC151F4CAE1B00C7F603 /* Build configuration list for PBXProject "firestore-smoketest-objc" */ = {
			isa = XCConfigurationList;
			buildConfigurations = (
				8D70FC3A1F4CAE1B00C7F603 /* Debug */,
				8D70FC3B1F4CAE1B00C7F603 /* Release */,
			);
			defaultConfigurationIsVisible = 0;
			defaultConfigurationName = Release;
		};
		8D70FC3C1F4CAE1B00C7F603 /* Build configuration list for PBXNativeTarget "firestore-smoketest-objc" */ = {
			isa = XCConfigurationList;
			buildConfigurations = (
				8D70FC3D1F4CAE1B00C7F603 /* Debug */,
				8D70FC3E1F4CAE1B00C7F603 /* Release */,
			);
			defaultConfigurationIsVisible = 0;
			defaultConfigurationName = Release;
		};
		8D70FC3F1F4CAE1B00C7F603 /* Build configuration list for PBXNativeTarget "firestore-smoketest-objcTests" */ = {
			isa = XCConfigurationList;
			buildConfigurations = (
				8D70FC401F4CAE1B00C7F603 /* Debug */,
				8D70FC411F4CAE1B00C7F603 /* Release */,
			);
			defaultConfigurationIsVisible = 0;
			defaultConfigurationName = Release;
		};
/* End XCConfigurationList section */
	};
	rootObject = 8D70FC121F4CAE1B00C7F603 /* Project object */;
}
