PODS:
  - Firebase/CoreOnly (6.0.0):
    - FirebaseCore (= 6.0.0)
  - Firebase/Storage (6.0.0):
    - Firebase/CoreOnly
    - FirebaseStorage (~> 3.2.0)
  - FirebaseAuthInterop (1.0.0)
  - FirebaseCore (6.0.0):
    - GoogleUtilities/Environment (~> 6.0)
    - GoogleUtilities/Logger (~> 6.0)
  - FirebaseStorage (3.2.0):
    - FirebaseAuthInterop (~> 1.0)
    - FirebaseCore (~> 6.0)
    - GTMSessionFetcher/Core (~> 1.1)
  - FirebaseUI/Storage (7.0.0):
    - Firebase/Storage (~> 6.0)
    - SDWebImage (~> 4.0)
  - GoogleUtilities/Environment (6.0.0)
  - GoogleUtilities/Logger (6.0.0):
    - GoogleUtilities/Environment
  - GTMSessionFetcher/Core (1.2.1)
  - SDWebImage (4.4.6):
    - SDWebImage/Core (= 4.4.6)
  - SDWebImage/Core (4.4.6)

DEPENDENCIES:
  - Firebase/Storage
  - FirebaseUI/Storage

SPEC REPOS:
  https://github.com/cocoapods/specs.git:
    - Firebase
    - FirebaseAuthInterop
    - FirebaseCore
    - FirebaseStorage
    - FirebaseUI
    - GoogleUtilities
    - GTMSessionFetcher
    - SDWebImage

SPEC CHECKSUMS:
  Firebase: fa80b9d987ca014a1ba9357496ef2a0178b28b12
  FirebaseAuthInterop: 0ffa57668be100582bb7643d4fcb7615496c41fc
  FirebaseCore: e38f025287b413255a53acc1945d048a112047f7
  FirebaseStorage: ff1e8f1f6cf1557a8694b0ef39d3e72cb60c42ac
  FirebaseUI: aa1ffe07fad45c2e2271a8bfa429549ad260e77d
  GoogleUtilities: f1faafc033ea203adf1783ce00af455bb99d0e5b
  GTMSessionFetcher: 32aeca0aa144acea523e1c8e053089dec2cb98ca
  SDWebImage: 3f3f0c02f09798048c47a5ed0a13f17b063572d8

PODFILE CHECKSUM: f0cd9d079793b24a37b713cd64dc7900bb8601af

COCOAPODS: 1.6.1
