// !$*UTF8*$!
{
	archiveVersion = 1;
	classes = {
	};
	objectVersion = 50;
	objects = {

/* Begin PBXBuildFile section */
		8D5BF47521BB295B006CD405 /* InvitePresenter.swift in Sources */ = {isa = PBXBuildFile; fileRef = 8D5BF47421BB295B006CD405 /* InvitePresenter.swift */; };
		8D5E3507218CC81C00F42066 /* AppDelegate.swift in Sources */ = {isa = PBXBuildFile; fileRef = 8D5E3506218CC81C00F42066 /* AppDelegate.swift */; };
		8D5E3509218CC81C00F42066 /* ViewController.swift in Sources */ = {isa = PBXBuildFile; fileRef = 8D5E3508218CC81C00F42066 /* ViewController.swift */; };
		8D5E350C218CC81C00F42066 /* Main.storyboard in Resources */ = {isa = PBXBuildFile; fileRef = 8D5E350A218CC81C00F42066 /* Main.storyboard */; };
		8D5E350E218CC81E00F42066 /* Assets.xcassets in Resources */ = {isa = PBXBuildFile; fileRef = 8D5E350D218CC81E00F42066 /* Assets.xcassets */; };
		8D5E3511218CC81E00F42066 /* LaunchScreen.storyboard in Resources */ = {isa = PBXBuildFile; fileRef = 8D5E350F218CC81E00F42066 /* LaunchScreen.storyboard */; };
		8D5E351C218CC81E00F42066 /* InvitesSampleTests.swift in Sources */ = {isa = PBXBuildFile; fileRef = 8D5E351B218CC81E00F42066 /* InvitesSampleTests.swift */; };
		8D5E3527218CC81E00F42066 /* InvitesSampleUITests.swift in Sources */ = {isa = PBXBuildFile; fileRef = 8D5E3526218CC81E00F42066 /* InvitesSampleUITests.swift */; };
		8D5EDAB6218CCBF5003D69DD /* GoogleService-Info.plist in Resources */ = {isa = PBXBuildFile; fileRef = 8D5EDAB5218CCBF5003D69DD /* GoogleService-Info.plist */; };
		8D5EDAB82190DA29003D69DD /* InviteViewController.swift in Sources */ = {isa = PBXBuildFile; fileRef = 8D5EDAB72190DA29003D69DD /* InviteViewController.swift */; };
		8D71A40221F7D01C004FB387 /* AppDelegate.m in Sources */ = {isa = PBXBuildFile; fileRef = 8D71A40121F7D01C004FB387 /* AppDelegate.m */; };
		8D71A40521F7D01C004FB387 /* ViewController.m in Sources */ = {isa = PBXBuildFile; fileRef = 8D71A40421F7D01C004FB387 /* ViewController.m */; };
		8D71A40D21F7D01D004FB387 /* LaunchScreen.storyboard in Resources */ = {isa = PBXBuildFile; fileRef = 8D71A40B21F7D01D004FB387 /* LaunchScreen.storyboard */; };
		8D71A41021F7D01D004FB387 /* main.m in Sources */ = {isa = PBXBuildFile; fileRef = 8D71A40F21F7D01D004FB387 /* main.m */; };
		8D71A41A21F7D01D004FB387 /* InvitesSampleObjCTests.m in Sources */ = {isa = PBXBuildFile; fileRef = 8D71A41921F7D01D004FB387 /* InvitesSampleObjCTests.m */; };
		8D71A42521F7D01E004FB387 /* InvitesSampleObjCUITests.m in Sources */ = {isa = PBXBuildFile; fileRef = 8D71A42421F7D01E004FB387 /* InvitesSampleObjCUITests.m */; };
		8D71A43221F7D9F5004FB387 /* GoogleService-Info.plist in Resources */ = {isa = PBXBuildFile; fileRef = 8D5EDAB5218CCBF5003D69DD /* GoogleService-Info.plist */; };
		8D7DA35F21FA6A44009FE623 /* InviteViewController.m in Sources */ = {isa = PBXBuildFile; fileRef = 8D7DA35E21FA6A44009FE623 /* InviteViewController.m */; };
		8D7DA36221FA6C4B009FE623 /* InvitePresenter.m in Sources */ = {isa = PBXBuildFile; fileRef = 8D7DA36121FA6C4B009FE623 /* InvitePresenter.m */; };
		8D7DA36521FFC2E2009FE623 /* Main.storyboard in Resources */ = {isa = PBXBuildFile; fileRef = 8D7DA36321FFC2E2009FE623 /* Main.storyboard */; };
		8D7DA36621FFC34E009FE623 /* Assets.xcassets in Resources */ = {isa = PBXBuildFile; fileRef = 8D5E350D218CC81E00F42066 /* Assets.xcassets */; };
/* End PBXBuildFile section */

/* Begin PBXContainerItemProxy section */
		8D5E3518218CC81E00F42066 /* PBXContainerItemProxy */ = {
			isa = PBXContainerItemProxy;
			containerPortal = 8D5E34FB218CC81C00F42066 /* Project object */;
			proxyType = 1;
			remoteGlobalIDString = 8D5E3502218CC81C00F42066;
			remoteInfo = InvitesSample;
		};
		8D5E3523218CC81E00F42066 /* PBXContainerItemProxy */ = {
			isa = PBXContainerItemProxy;
			containerPortal = 8D5E34FB218CC81C00F42066 /* Project object */;
			proxyType = 1;
			remoteGlobalIDString = 8D5E3502218CC81C00F42066;
			remoteInfo = InvitesSample;
		};
		8D71A41621F7D01D004FB387 /* PBXContainerItemProxy */ = {
			isa = PBXContainerItemProxy;
			containerPortal = 8D5E34FB218CC81C00F42066 /* Project object */;
			proxyType = 1;
			remoteGlobalIDString = 8D71A3FD21F7D01C004FB387;
			remoteInfo = InvitesSampleObjC;
		};
		8D71A42121F7D01E004FB387 /* PBXContainerItemProxy */ = {
			isa = PBXContainerItemProxy;
			containerPortal = 8D5E34FB218CC81C00F42066 /* Project object */;
			proxyType = 1;
			remoteGlobalIDString = 8D71A3FD21F7D01C004FB387;
			remoteInfo = InvitesSampleObjC;
		};
/* End PBXContainerItemProxy section */

/* Begin PBXFileReference section */
		8D5BF47421BB295B006CD405 /* InvitePresenter.swift */ = {isa = PBXFileReference; lastKnownFileType = sourcecode.swift; path = InvitePresenter.swift; sourceTree = "<group>"; };
		8D5E3503218CC81C00F42066 /* InvitesSample.app */ = {isa = PBXFileReference; explicitFileType = wrapper.application; includeInIndex = 0; path = InvitesSample.app; sourceTree = BUILT_PRODUCTS_DIR; };
		8D5E3506218CC81C00F42066 /* AppDelegate.swift */ = {isa = PBXFileReference; lastKnownFileType = sourcecode.swift; path = AppDelegate.swift; sourceTree = "<group>"; };
		8D5E3508218CC81C00F42066 /* ViewController.swift */ = {isa = PBXFileReference; lastKnownFileType = sourcecode.swift; path = ViewController.swift; sourceTree = "<group>"; };
		8D5E350B218CC81C00F42066 /* Base */ = {isa = PBXFileReference; lastKnownFileType = file.storyboard; name = Base; path = Base.lproj/Main.storyboard; sourceTree = "<group>"; };
		8D5E350D218CC81E00F42066 /* Assets.xcassets */ = {isa = PBXFileReference; lastKnownFileType = folder.assetcatalog; path = Assets.xcassets; sourceTree = "<group>"; };
		8D5E3510218CC81E00F42066 /* Base */ = {isa = PBXFileReference; lastKnownFileType = file.storyboard; name = Base; path = Base.lproj/LaunchScreen.storyboard; sourceTree = "<group>"; };
		8D5E3512218CC81E00F42066 /* Info.plist */ = {isa = PBXFileReference; lastKnownFileType = text.plist.xml; path = Info.plist; sourceTree = "<group>"; };
		8D5E3517218CC81E00F42066 /* InvitesSampleTests.xctest */ = {isa = PBXFileReference; explicitFileType = wrapper.cfbundle; includeInIndex = 0; path = InvitesSampleTests.xctest; sourceTree = BUILT_PRODUCTS_DIR; };
		8D5E351B218CC81E00F42066 /* InvitesSampleTests.swift */ = {isa = PBXFileReference; lastKnownFileType = sourcecode.swift; path = InvitesSampleTests.swift; sourceTree = "<group>"; };
		8D5E351D218CC81E00F42066 /* Info.plist */ = {isa = PBXFileReference; lastKnownFileType = text.plist.xml; path = Info.plist; sourceTree = "<group>"; };
		8D5E3522218CC81E00F42066 /* InvitesSampleUITests.xctest */ = {isa = PBXFileReference; explicitFileType = wrapper.cfbundle; includeInIndex = 0; path = InvitesSampleUITests.xctest; sourceTree = BUILT_PRODUCTS_DIR; };
		8D5E3526218CC81E00F42066 /* InvitesSampleUITests.swift */ = {isa = PBXFileReference; lastKnownFileType = sourcecode.swift; path = InvitesSampleUITests.swift; sourceTree = "<group>"; };
		8D5E3528218CC81E00F42066 /* Info.plist */ = {isa = PBXFileReference; lastKnownFileType = text.plist.xml; path = Info.plist; sourceTree = "<group>"; };
		8D5EDAB5218CCBF5003D69DD /* GoogleService-Info.plist */ = {isa = PBXFileReference; fileEncoding = 4; lastKnownFileType = text.plist.xml; path = "GoogleService-Info.plist"; sourceTree = "<group>"; };
		8D5EDAB72190DA29003D69DD /* InviteViewController.swift */ = {isa = PBXFileReference; lastKnownFileType = sourcecode.swift; path = InviteViewController.swift; sourceTree = "<group>"; };
		8D71A3FE21F7D01C004FB387 /* InvitesSampleObjC.app */ = {isa = PBXFileReference; explicitFileType = wrapper.application; includeInIndex = 0; path = InvitesSampleObjC.app; sourceTree = BUILT_PRODUCTS_DIR; };
		8D71A40021F7D01C004FB387 /* AppDelegate.h */ = {isa = PBXFileReference; lastKnownFileType = sourcecode.c.h; path = AppDelegate.h; sourceTree = "<group>"; };
		8D71A40121F7D01C004FB387 /* AppDelegate.m */ = {isa = PBXFileReference; lastKnownFileType = sourcecode.c.objc; path = AppDelegate.m; sourceTree = "<group>"; };
		8D71A40321F7D01C004FB387 /* ViewController.h */ = {isa = PBXFileReference; lastKnownFileType = sourcecode.c.h; path = ViewController.h; sourceTree = "<group>"; };
		8D71A40421F7D01C004FB387 /* ViewController.m */ = {isa = PBXFileReference; lastKnownFileType = sourcecode.c.objc; path = ViewController.m; sourceTree = "<group>"; };
		8D71A40C21F7D01D004FB387 /* Base */ = {isa = PBXFileReference; lastKnownFileType = file.storyboard; name = Base; path = Base.lproj/LaunchScreen.storyboard; sourceTree = "<group>"; };
		8D71A40E21F7D01D004FB387 /* Info.plist */ = {isa = PBXFileReference; lastKnownFileType = text.plist.xml; path = Info.plist; sourceTree = "<group>"; };
		8D71A40F21F7D01D004FB387 /* main.m */ = {isa = PBXFileReference; lastKnownFileType = sourcecode.c.objc; path = main.m; sourceTree = "<group>"; };
		8D71A41521F7D01D004FB387 /* InvitesSampleObjCTests.xctest */ = {isa = PBXFileReference; explicitFileType = wrapper.cfbundle; includeInIndex = 0; path = InvitesSampleObjCTests.xctest; sourceTree = BUILT_PRODUCTS_DIR; };
		8D71A41921F7D01D004FB387 /* InvitesSampleObjCTests.m */ = {isa = PBXFileReference; lastKnownFileType = sourcecode.c.objc; path = InvitesSampleObjCTests.m; sourceTree = "<group>"; };
		8D71A41B21F7D01D004FB387 /* Info.plist */ = {isa = PBXFileReference; lastKnownFileType = text.plist.xml; path = Info.plist; sourceTree = "<group>"; };
		8D71A42021F7D01D004FB387 /* InvitesSampleObjCUITests.xctest */ = {isa = PBXFileReference; explicitFileType = wrapper.cfbundle; includeInIndex = 0; path = InvitesSampleObjCUITests.xctest; sourceTree = BUILT_PRODUCTS_DIR; };
		8D71A42421F7D01E004FB387 /* InvitesSampleObjCUITests.m */ = {isa = PBXFileReference; lastKnownFileType = sourcecode.c.objc; path = InvitesSampleObjCUITests.m; sourceTree = "<group>"; };
		8D71A42621F7D01E004FB387 /* Info.plist */ = {isa = PBXFileReference; lastKnownFileType = text.plist.xml; path = Info.plist; sourceTree = "<group>"; };
		8D7DA35D21FA6A44009FE623 /* InviteViewController.h */ = {isa = PBXFileReference; lastKnownFileType = sourcecode.c.h; path = InviteViewController.h; sourceTree = "<group>"; };
		8D7DA35E21FA6A44009FE623 /* InviteViewController.m */ = {isa = PBXFileReference; lastKnownFileType = sourcecode.c.objc; path = InviteViewController.m; sourceTree = "<group>"; };
		8D7DA36021FA6C4B009FE623 /* InvitePresenter.h */ = {isa = PBXFileReference; lastKnownFileType = sourcecode.c.h; path = InvitePresenter.h; sourceTree = "<group>"; };
		8D7DA36121FA6C4B009FE623 /* InvitePresenter.m */ = {isa = PBXFileReference; lastKnownFileType = sourcecode.c.objc; path = InvitePresenter.m; sourceTree = "<group>"; };
		8D7DA36421FFC2E2009FE623 /* Base */ = {isa = PBXFileReference; lastKnownFileType = file.storyboard; name = Base; path = Base.lproj/Main.storyboard; sourceTree = "<group>"; };
/* End PBXFileReference section */

/* Begin PBXFrameworksBuildPhase section */
		8D5E3500218CC81C00F42066 /* Frameworks */ = {
			isa = PBXFrameworksBuildPhase;
			buildActionMask = 2147483647;
			files = (
			);
			runOnlyForDeploymentPostprocessing = 0;
		};
		8D5E3514218CC81E00F42066 /* Frameworks */ = {
			isa = PBXFrameworksBuildPhase;
			buildActionMask = 2147483647;
			files = (
			);
			runOnlyForDeploymentPostprocessing = 0;
		};
		8D5E351F218CC81E00F42066 /* Frameworks */ = {
			isa = PBXFrameworksBuildPhase;
			buildActionMask = 2147483647;
			files = (
			);
			runOnlyForDeploymentPostprocessing = 0;
		};
		8D71A3FB21F7D01C004FB387 /* Frameworks */ = {
			isa = PBXFrameworksBuildPhase;
			buildActionMask = 2147483647;
			files = (
			);
			runOnlyForDeploymentPostprocessing = 0;
		};
		8D71A41221F7D01D004FB387 /* Frameworks */ = {
			isa = PBXFrameworksBuildPhase;
			buildActionMask = 2147483647;
			files = (
			);
			runOnlyForDeploymentPostprocessing = 0;
		};
		8D71A41D21F7D01D004FB387 /* Frameworks */ = {
			isa = PBXFrameworksBuildPhase;
			buildActionMask = 2147483647;
			files = (
			);
			runOnlyForDeploymentPostprocessing = 0;
		};
/* End PBXFrameworksBuildPhase section */

/* Begin PBXGroup section */
		8D5E34FA218CC81C00F42066 = {
			isa = PBXGroup;
			children = (
				8D5EDAB5218CCBF5003D69DD /* GoogleService-Info.plist */,
				8D5E3505218CC81C00F42066 /* InvitesSample */,
				8D5E351A218CC81E00F42066 /* InvitesSampleTests */,
				8D5E3525218CC81E00F42066 /* InvitesSampleUITests */,
				8D71A3FF21F7D01C004FB387 /* InvitesSampleObjC */,
				8D71A41821F7D01D004FB387 /* InvitesSampleObjCTests */,
				8D71A42321F7D01E004FB387 /* InvitesSampleObjCUITests */,
				8D5E3504218CC81C00F42066 /* Products */,
			);
			sourceTree = "<group>";
		};
		8D5E3504218CC81C00F42066 /* Products */ = {
			isa = PBXGroup;
			children = (
				8D5E3503218CC81C00F42066 /* InvitesSample.app */,
				8D5E3517218CC81E00F42066 /* InvitesSampleTests.xctest */,
				8D5E3522218CC81E00F42066 /* InvitesSampleUITests.xctest */,
				8D71A3FE21F7D01C004FB387 /* InvitesSampleObjC.app */,
				8D71A41521F7D01D004FB387 /* InvitesSampleObjCTests.xctest */,
				8D71A42021F7D01D004FB387 /* InvitesSampleObjCUITests.xctest */,
			);
			name = Products;
			sourceTree = "<group>";
		};
		8D5E3505218CC81C00F42066 /* InvitesSample */ = {
			isa = PBXGroup;
			children = (
				8D5E3506218CC81C00F42066 /* AppDelegate.swift */,
				8D5E3508218CC81C00F42066 /* ViewController.swift */,
				8D5EDAB72190DA29003D69DD /* InviteViewController.swift */,
				8D5BF47421BB295B006CD405 /* InvitePresenter.swift */,
				8D5E350A218CC81C00F42066 /* Main.storyboard */,
				8D5E350D218CC81E00F42066 /* Assets.xcassets */,
				8D5E350F218CC81E00F42066 /* LaunchScreen.storyboard */,
				8D5E3512218CC81E00F42066 /* Info.plist */,
			);
			path = InvitesSample;
			sourceTree = "<group>";
		};
		8D5E351A218CC81E00F42066 /* InvitesSampleTests */ = {
			isa = PBXGroup;
			children = (
				8D5E351B218CC81E00F42066 /* InvitesSampleTests.swift */,
				8D5E351D218CC81E00F42066 /* Info.plist */,
			);
			path = InvitesSampleTests;
			sourceTree = "<group>";
		};
		8D5E3525218CC81E00F42066 /* InvitesSampleUITests */ = {
			isa = PBXGroup;
			children = (
				8D5E3526218CC81E00F42066 /* InvitesSampleUITests.swift */,
				8D5E3528218CC81E00F42066 /* Info.plist */,
			);
			path = InvitesSampleUITests;
			sourceTree = "<group>";
		};
		8D71A3FF21F7D01C004FB387 /* InvitesSampleObjC */ = {
			isa = PBXGroup;
			children = (
				8D71A40021F7D01C004FB387 /* AppDelegate.h */,
				8D71A40121F7D01C004FB387 /* AppDelegate.m */,
				8D71A40321F7D01C004FB387 /* ViewController.h */,
				8D71A40421F7D01C004FB387 /* ViewController.m */,
				8D7DA35D21FA6A44009FE623 /* InviteViewController.h */,
				8D7DA35E21FA6A44009FE623 /* InviteViewController.m */,
				8D7DA36021FA6C4B009FE623 /* InvitePresenter.h */,
				8D7DA36121FA6C4B009FE623 /* InvitePresenter.m */,
				8D7DA36321FFC2E2009FE623 /* Main.storyboard */,
				8D71A40B21F7D01D004FB387 /* LaunchScreen.storyboard */,
				8D71A40E21F7D01D004FB387 /* Info.plist */,
				8D71A40F21F7D01D004FB387 /* main.m */,
			);
			path = InvitesSampleObjC;
			sourceTree = "<group>";
		};
		8D71A41821F7D01D004FB387 /* InvitesSampleObjCTests */ = {
			isa = PBXGroup;
			children = (
				8D71A41921F7D01D004FB387 /* InvitesSampleObjCTests.m */,
				8D71A41B21F7D01D004FB387 /* Info.plist */,
			);
			path = InvitesSampleObjCTests;
			sourceTree = "<group>";
		};
		8D71A42321F7D01E004FB387 /* InvitesSampleObjCUITests */ = {
			isa = PBXGroup;
			children = (
				8D71A42421F7D01E004FB387 /* InvitesSampleObjCUITests.m */,
				8D71A42621F7D01E004FB387 /* Info.plist */,
			);
			path = InvitesSampleObjCUITests;
			sourceTree = "<group>";
		};
/* End PBXGroup section */

/* Begin PBXNativeTarget section */
		8D5E3502218CC81C00F42066 /* InvitesSample */ = {
			isa = PBXNativeTarget;
			buildConfigurationList = 8D5E352B218CC81E00F42066 /* Build configuration list for PBXNativeTarget "InvitesSample" */;
			buildPhases = (
				8D5E34FF218CC81C00F42066 /* Sources */,
				8D5E3500218CC81C00F42066 /* Frameworks */,
				8D5E3501218CC81C00F42066 /* Resources */,
			);
			buildRules = (
			);
			dependencies = (
			);
			name = InvitesSample;
			productName = InvitesSample;
			productReference = 8D5E3503218CC81C00F42066 /* InvitesSample.app */;
			productType = "com.apple.product-type.application";
		};
		8D5E3516218CC81E00F42066 /* InvitesSampleTests */ = {
			isa = PBXNativeTarget;
			buildConfigurationList = 8D5E352E218CC81E00F42066 /* Build configuration list for PBXNativeTarget "InvitesSampleTests" */;
			buildPhases = (
				8D5E3513218CC81E00F42066 /* Sources */,
				8D5E3514218CC81E00F42066 /* Frameworks */,
				8D5E3515218CC81E00F42066 /* Resources */,
			);
			buildRules = (
			);
			dependencies = (
				8D5E3519218CC81E00F42066 /* PBXTargetDependency */,
			);
			name = InvitesSampleTests;
			productName = InvitesSampleTests;
			productReference = 8D5E3517218CC81E00F42066 /* InvitesSampleTests.xctest */;
			productType = "com.apple.product-type.bundle.unit-test";
		};
		8D5E3521218CC81E00F42066 /* InvitesSampleUITests */ = {
			isa = PBXNativeTarget;
			buildConfigurationList = 8D5E3531218CC81E00F42066 /* Build configuration list for PBXNativeTarget "InvitesSampleUITests" */;
			buildPhases = (
				8D5E351E218CC81E00F42066 /* Sources */,
				8D5E351F218CC81E00F42066 /* Frameworks */,
				8D5E3520218CC81E00F42066 /* Resources */,
			);
			buildRules = (
			);
			dependencies = (
				8D5E3524218CC81E00F42066 /* PBXTargetDependency */,
			);
			name = InvitesSampleUITests;
			productName = InvitesSampleUITests;
			productReference = 8D5E3522218CC81E00F42066 /* InvitesSampleUITests.xctest */;
			productType = "com.apple.product-type.bundle.ui-testing";
		};
		8D71A3FD21F7D01C004FB387 /* InvitesSampleObjC */ = {
			isa = PBXNativeTarget;
			buildConfigurationList = 8D71A42721F7D01E004FB387 /* Build configuration list for PBXNativeTarget "InvitesSampleObjC" */;
			buildPhases = (
				8D71A3FA21F7D01C004FB387 /* Sources */,
				8D71A3FB21F7D01C004FB387 /* Frameworks */,
				8D71A3FC21F7D01C004FB387 /* Resources */,
			);
			buildRules = (
			);
			dependencies = (
			);
			name = InvitesSampleObjC;
			productName = InvitesSampleObjC;
			productReference = 8D71A3FE21F7D01C004FB387 /* InvitesSampleObjC.app */;
			productType = "com.apple.product-type.application";
		};
		8D71A41421F7D01D004FB387 /* InvitesSampleObjCTests */ = {
			isa = PBXNativeTarget;
			buildConfigurationList = 8D71A42A21F7D01E004FB387 /* Build configuration list for PBXNativeTarget "InvitesSampleObjCTests" */;
			buildPhases = (
				8D71A41121F7D01D004FB387 /* Sources */,
				8D71A41221F7D01D004FB387 /* Frameworks */,
				8D71A41321F7D01D004FB387 /* Resources */,
			);
			buildRules = (
			);
			dependencies = (
				8D71A41721F7D01D004FB387 /* PBXTargetDependency */,
			);
			name = InvitesSampleObjCTests;
			productName = InvitesSampleObjCTests;
			productReference = 8D71A41521F7D01D004FB387 /* InvitesSampleObjCTests.xctest */;
			productType = "com.apple.product-type.bundle.unit-test";
		};
		8D71A41F21F7D01D004FB387 /* InvitesSampleObjCUITests */ = {
			isa = PBXNativeTarget;
			buildConfigurationList = 8D71A42D21F7D01E004FB387 /* Build configuration list for PBXNativeTarget "InvitesSampleObjCUITests" */;
			buildPhases = (
				8D71A41C21F7D01D004FB387 /* Sources */,
				8D71A41D21F7D01D004FB387 /* Frameworks */,
				8D71A41E21F7D01D004FB387 /* Resources */,
			);
			buildRules = (
			);
			dependencies = (
				8D71A42221F7D01E004FB387 /* PBXTargetDependency */,
			);
			name = InvitesSampleObjCUITests;
			productName = InvitesSampleObjCUITests;
			productReference = 8D71A42021F7D01D004FB387 /* InvitesSampleObjCUITests.xctest */;
			productType = "com.apple.product-type.bundle.ui-testing";
		};
/* End PBXNativeTarget section */

/* Begin PBXProject section */
		8D5E34FB218CC81C00F42066 /* Project object */ = {
			isa = PBXProject;
			attributes = {
				LastSwiftUpdateCheck = 1000;
				LastUpgradeCheck = 1000;
				ORGANIZATIONNAME = Firebase;
				TargetAttributes = {
					8D5E3502218CC81C00F42066 = {
						CreatedOnToolsVersion = 10.0;
					};
					8D5E3516218CC81E00F42066 = {
						CreatedOnToolsVersion = 10.0;
						TestTargetID = 8D5E3502218CC81C00F42066;
					};
					8D5E3521218CC81E00F42066 = {
						CreatedOnToolsVersion = 10.0;
						TestTargetID = 8D5E3502218CC81C00F42066;
					};
					8D71A3FD21F7D01C004FB387 = {
						CreatedOnToolsVersion = 10.1;
					};
					8D71A41421F7D01D004FB387 = {
						CreatedOnToolsVersion = 10.1;
						TestTargetID = 8D71A3FD21F7D01C004FB387;
					};
					8D71A41F21F7D01D004FB387 = {
						CreatedOnToolsVersion = 10.1;
						TestTargetID = 8D71A3FD21F7D01C004FB387;
					};
				};
			};
			buildConfigurationList = 8D5E34FE218CC81C00F42066 /* Build configuration list for PBXProject "InvitesSample" */;
			compatibilityVersion = "Xcode 9.3";
			developmentRegion = en;
			hasScannedForEncodings = 0;
			knownRegions = (
				en,
				Base,
			);
			mainGroup = 8D5E34FA218CC81C00F42066;
			productRefGroup = 8D5E3504218CC81C00F42066 /* Products */;
			projectDirPath = "";
			projectRoot = "";
			targets = (
				8D5E3502218CC81C00F42066 /* InvitesSample */,
				8D5E3516218CC81E00F42066 /* InvitesSampleTests */,
				8D5E3521218CC81E00F42066 /* InvitesSampleUITests */,
				8D71A3FD21F7D01C004FB387 /* InvitesSampleObjC */,
				8D71A41421F7D01D004FB387 /* InvitesSampleObjCTests */,
				8D71A41F21F7D01D004FB387 /* InvitesSampleObjCUITests */,
			);
		};
/* End PBXProject section */

/* Begin PBXResourcesBuildPhase section */
		8D5E3501218CC81C00F42066 /* Resources */ = {
			isa = PBXResourcesBuildPhase;
			buildActionMask = 2147483647;
			files = (
				8D5E3511218CC81E00F42066 /* LaunchScreen.storyboard in Resources */,
				8D5EDAB6218CCBF5003D69DD /* GoogleService-Info.plist in Resources */,
				8D5E350E218CC81E00F42066 /* Assets.xcassets in Resources */,
				8D5E350C218CC81C00F42066 /* Main.storyboard in Resources */,
			);
			runOnlyForDeploymentPostprocessing = 0;
		};
		8D5E3515218CC81E00F42066 /* Resources */ = {
			isa = PBXResourcesBuildPhase;
			buildActionMask = 2147483647;
			files = (
			);
			runOnlyForDeploymentPostprocessing = 0;
		};
		8D5E3520218CC81E00F42066 /* Resources */ = {
			isa = PBXResourcesBuildPhase;
			buildActionMask = 2147483647;
			files = (
			);
			runOnlyForDeploymentPostprocessing = 0;
		};
		8D71A3FC21F7D01C004FB387 /* Resources */ = {
			isa = PBXResourcesBuildPhase;
			buildActionMask = 2147483647;
			files = (
				8D7DA36521FFC2E2009FE623 /* Main.storyboard in Resources */,
				8D71A40D21F7D01D004FB387 /* LaunchScreen.storyboard in Resources */,
				8D7DA36621FFC34E009FE623 /* Assets.xcassets in Resources */,
				8D71A43221F7D9F5004FB387 /* GoogleService-Info.plist in Resources */,
			);
			runOnlyForDeploymentPostprocessing = 0;
		};
		8D71A41321F7D01D004FB387 /* Resources */ = {
			isa = PBXResourcesBuildPhase;
			buildActionMask = 2147483647;
			files = (
			);
			runOnlyForDeploymentPostprocessing = 0;
		};
		8D71A41E21F7D01D004FB387 /* Resources */ = {
			isa = PBXResourcesBuildPhase;
			buildActionMask = 2147483647;
			files = (
			);
			runOnlyForDeploymentPostprocessing = 0;
		};
/* End PBXResourcesBuildPhase section */

/* Begin PBXSourcesBuildPhase section */
		8D5E34FF218CC81C00F42066 /* Sources */ = {
			isa = PBXSourcesBuildPhase;
			buildActionMask = 2147483647;
			files = (
				8D5EDAB82190DA29003D69DD /* InviteViewController.swift in Sources */,
				8D5BF47521BB295B006CD405 /* InvitePresenter.swift in Sources */,
				8D5E3509218CC81C00F42066 /* ViewController.swift in Sources */,
				8D5E3507218CC81C00F42066 /* AppDelegate.swift in Sources */,
			);
			runOnlyForDeploymentPostprocessing = 0;
		};
		8D5E3513218CC81E00F42066 /* Sources */ = {
			isa = PBXSourcesBuildPhase;
			buildActionMask = 2147483647;
			files = (
				8D5E351C218CC81E00F42066 /* InvitesSampleTests.swift in Sources */,
			);
			runOnlyForDeploymentPostprocessing = 0;
		};
		8D5E351E218CC81E00F42066 /* Sources */ = {
			isa = PBXSourcesBuildPhase;
			buildActionMask = 2147483647;
			files = (
				8D5E3527218CC81E00F42066 /* InvitesSampleUITests.swift in Sources */,
			);
			runOnlyForDeploymentPostprocessing = 0;
		};
		8D71A3FA21F7D01C004FB387 /* Sources */ = {
			isa = PBXSourcesBuildPhase;
			buildActionMask = 2147483647;
			files = (
				8D71A40521F7D01C004FB387 /* ViewController.m in Sources */,
				8D7DA36221FA6C4B009FE623 /* InvitePresenter.m in Sources */,
				8D71A41021F7D01D004FB387 /* main.m in Sources */,
				8D71A40221F7D01C004FB387 /* AppDelegate.m in Sources */,
				8D7DA35F21FA6A44009FE623 /* InviteViewController.m in Sources */,
			);
			runOnlyForDeploymentPostprocessing = 0;
		};
		8D71A41121F7D01D004FB387 /* Sources */ = {
			isa = PBXSourcesBuildPhase;
			buildActionMask = 2147483647;
			files = (
				8D71A41A21F7D01D004FB387 /* InvitesSampleObjCTests.m in Sources */,
			);
			runOnlyForDeploymentPostprocessing = 0;
		};
		8D71A41C21F7D01D004FB387 /* Sources */ = {
			isa = PBXSourcesBuildPhase;
			buildActionMask = 2147483647;
			files = (
				8D71A42521F7D01E004FB387 /* InvitesSampleObjCUITests.m in Sources */,
			);
			runOnlyForDeploymentPostprocessing = 0;
		};
/* End PBXSourcesBuildPhase section */

/* Begin PBXTargetDependency section */
		8D5E3519218CC81E00F42066 /* PBXTargetDependency */ = {
			isa = PBXTargetDependency;
			target = 8D5E3502218CC81C00F42066 /* InvitesSample */;
			targetProxy = 8D5E3518218CC81E00F42066 /* PBXContainerItemProxy */;
		};
		8D5E3524218CC81E00F42066 /* PBXTargetDependency */ = {
			isa = PBXTargetDependency;
			target = 8D5E3502218CC81C00F42066 /* InvitesSample */;
			targetProxy = 8D5E3523218CC81E00F42066 /* PBXContainerItemProxy */;
		};
		8D71A41721F7D01D004FB387 /* PBXTargetDependency */ = {
			isa = PBXTargetDependency;
			target = 8D71A3FD21F7D01C004FB387 /* InvitesSampleObjC */;
			targetProxy = 8D71A41621F7D01D004FB387 /* PBXContainerItemProxy */;
		};
		8D71A42221F7D01E004FB387 /* PBXTargetDependency */ = {
			isa = PBXTargetDependency;
			target = 8D71A3FD21F7D01C004FB387 /* InvitesSampleObjC */;
			targetProxy = 8D71A42121F7D01E004FB387 /* PBXContainerItemProxy */;
		};
/* End PBXTargetDependency section */

/* Begin PBXVariantGroup section */
		8D5E350A218CC81C00F42066 /* Main.storyboard */ = {
			isa = PBXVariantGroup;
			children = (
				8D5E350B218CC81C00F42066 /* Base */,
			);
			name = Main.storyboard;
			sourceTree = "<group>";
		};
		8D5E350F218CC81E00F42066 /* LaunchScreen.storyboard */ = {
			isa = PBXVariantGroup;
			children = (
				8D5E3510218CC81E00F42066 /* Base */,
			);
			name = LaunchScreen.storyboard;
			sourceTree = "<group>";
		};
		8D71A40B21F7D01D004FB387 /* LaunchScreen.storyboard */ = {
			isa = PBXVariantGroup;
			children = (
				8D71A40C21F7D01D004FB387 /* Base */,
			);
			name = LaunchScreen.storyboard;
			sourceTree = "<group>";
		};
		8D7DA36321FFC2E2009FE623 /* Main.storyboard */ = {
			isa = PBXVariantGroup;
			children = (
				8D7DA36421FFC2E2009FE623 /* Base */,
			);
			name = Main.storyboard;
			sourceTree = "<group>";
		};
/* End PBXVariantGroup section */

/* Begin XCBuildConfiguration section */
		8D5E3529218CC81E00F42066 /* Debug */ = {
			isa = XCBuildConfiguration;
			buildSettings = {
				ALWAYS_SEARCH_USER_PATHS = NO;
				CLANG_ANALYZER_NONNULL = YES;
				CLANG_ANALYZER_NUMBER_OBJECT_CONVERSION = YES_AGGRESSIVE;
				CLANG_CXX_LANGUAGE_STANDARD = "gnu++14";
				CLANG_CXX_LIBRARY = "libc++";
				CLANG_ENABLE_MODULES = YES;
				CLANG_ENABLE_OBJC_ARC = YES;
				CLANG_ENABLE_OBJC_WEAK = YES;
				CLANG_WARN_BLOCK_CAPTURE_AUTORELEASING = YES;
				CLANG_WARN_BOOL_CONVERSION = YES;
				CLANG_WARN_COMMA = YES;
				CLANG_WARN_CONSTANT_CONVERSION = YES;
				CLANG_WARN_DEPRECATED_OBJC_IMPLEMENTATIONS = YES;
				CLANG_WARN_DIRECT_OBJC_ISA_USAGE = YES_ERROR;
				CLANG_WARN_DOCUMENTATION_COMMENTS = YES;
				CLANG_WARN_EMPTY_BODY = YES;
				CLANG_WARN_ENUM_CONVERSION = YES;
				CLANG_WARN_INFINITE_RECURSION = YES;
				CLANG_WARN_INT_CONVERSION = YES;
				CLANG_WARN_NON_LITERAL_NULL_CONVERSION = YES;
				CLANG_WARN_OBJC_IMPLICIT_RETAIN_SELF = YES;
				CLANG_WARN_OBJC_LITERAL_CONVERSION = YES;
				CLANG_WARN_OBJC_ROOT_CLASS = YES_ERROR;
				CLANG_WARN_RANGE_LOOP_ANALYSIS = YES;
				CLANG_WARN_STRICT_PROTOTYPES = YES;
				CLANG_WARN_SUSPICIOUS_MOVE = YES;
				CLANG_WARN_UNGUARDED_AVAILABILITY = YES_AGGRESSIVE;
				CLANG_WARN_UNREACHABLE_CODE = YES;
				CLANG_WARN__DUPLICATE_METHOD_MATCH = YES;
				CODE_SIGN_IDENTITY = "iPhone Developer";
				COPY_PHASE_STRIP = NO;
				DEBUG_INFORMATION_FORMAT = dwarf;
				ENABLE_STRICT_OBJC_MSGSEND = YES;
				ENABLE_TESTABILITY = YES;
				GCC_C_LANGUAGE_STANDARD = gnu11;
				GCC_DYNAMIC_NO_PIC = NO;
				GCC_NO_COMMON_BLOCKS = YES;
				GCC_OPTIMIZATION_LEVEL = 0;
				GCC_PREPROCESSOR_DEFINITIONS = (
					"DEBUG=1",
					"$(inherited)",
				);
				GCC_WARN_64_TO_32_BIT_CONVERSION = YES;
				GCC_WARN_ABOUT_RETURN_TYPE = YES_ERROR;
				GCC_WARN_UNDECLARED_SELECTOR = YES;
				GCC_WARN_UNINITIALIZED_AUTOS = YES_AGGRESSIVE;
				GCC_WARN_UNUSED_FUNCTION = YES;
				GCC_WARN_UNUSED_VARIABLE = YES;
				IPHONEOS_DEPLOYMENT_TARGET = 12.0;
				MTL_ENABLE_DEBUG_INFO = INCLUDE_SOURCE;
				MTL_FAST_MATH = YES;
				ONLY_ACTIVE_ARCH = YES;
				SDKROOT = iphoneos;
				SWIFT_ACTIVE_COMPILATION_CONDITIONS = DEBUG;
				SWIFT_OPTIMIZATION_LEVEL = "-Onone";
			};
			name = Debug;
		};
		8D5E352A218CC81E00F42066 /* Release */ = {
			isa = XCBuildConfiguration;
			buildSettings = {
				ALWAYS_SEARCH_USER_PATHS = NO;
				CLANG_ANALYZER_NONNULL = YES;
				CLANG_ANALYZER_NUMBER_OBJECT_CONVERSION = YES_AGGRESSIVE;
				CLANG_CXX_LANGUAGE_STANDARD = "gnu++14";
				CLANG_CXX_LIBRARY = "libc++";
				CLANG_ENABLE_MODULES = YES;
				CLANG_ENABLE_OBJC_ARC = YES;
				CLANG_ENABLE_OBJC_WEAK = YES;
				CLANG_WARN_BLOCK_CAPTURE_AUTORELEASING = YES;
				CLANG_WARN_BOOL_CONVERSION = YES;
				CLANG_WARN_COMMA = YES;
				CLANG_WARN_CONSTANT_CONVERSION = YES;
				CLANG_WARN_DEPRECATED_OBJC_IMPLEMENTATIONS = YES;
				CLANG_WARN_DIRECT_OBJC_ISA_USAGE = YES_ERROR;
				CLANG_WARN_DOCUMENTATION_COMMENTS = YES;
				CLANG_WARN_EMPTY_BODY = YES;
				CLANG_WARN_ENUM_CONVERSION = YES;
				CLANG_WARN_INFINITE_RECURSION = YES;
				CLANG_WARN_INT_CONVERSION = YES;
				CLANG_WARN_NON_LITERAL_NULL_CONVERSION = YES;
				CLANG_WARN_OBJC_IMPLICIT_RETAIN_SELF = YES;
				CLANG_WARN_OBJC_LITERAL_CONVERSION = YES;
				CLANG_WARN_OBJC_ROOT_CLASS = YES_ERROR;
				CLANG_WARN_RANGE_LOOP_ANALYSIS = YES;
				CLANG_WARN_STRICT_PROTOTYPES = YES;
				CLANG_WARN_SUSPICIOUS_MOVE = YES;
				CLANG_WARN_UNGUARDED_AVAILABILITY = YES_AGGRESSIVE;
				CLANG_WARN_UNREACHABLE_CODE = YES;
				CLANG_WARN__DUPLICATE_METHOD_MATCH = YES;
				CODE_SIGN_IDENTITY = "iPhone Developer";
				COPY_PHASE_STRIP = NO;
				DEBUG_INFORMATION_FORMAT = "dwarf-with-dsym";
				ENABLE_NS_ASSERTIONS = NO;
				ENABLE_STRICT_OBJC_MSGSEND = YES;
				GCC_C_LANGUAGE_STANDARD = gnu11;
				GCC_NO_COMMON_BLOCKS = YES;
				GCC_WARN_64_TO_32_BIT_CONVERSION = YES;
				GCC_WARN_ABOUT_RETURN_TYPE = YES_ERROR;
				GCC_WARN_UNDECLARED_SELECTOR = YES;
				GCC_WARN_UNINITIALIZED_AUTOS = YES_AGGRESSIVE;
				GCC_WARN_UNUSED_FUNCTION = YES;
				GCC_WARN_UNUSED_VARIABLE = YES;
				IPHONEOS_DEPLOYMENT_TARGET = 12.0;
				MTL_ENABLE_DEBUG_INFO = NO;
				MTL_FAST_MATH = YES;
				SDKROOT = iphoneos;
				SWIFT_COMPILATION_MODE = wholemodule;
				SWIFT_OPTIMIZATION_LEVEL = "-O";
				VALIDATE_PRODUCT = YES;
			};
			name = Release;
		};
		8D5E352C218CC81E00F42066 /* Debug */ = {
			isa = XCBuildConfiguration;
			buildSettings = {
				ASSETCATALOG_COMPILER_APPICON_NAME = AppIcon;
				CODE_SIGN_STYLE = Automatic;
				DEVELOPMENT_TEAM = M6DRS84M33;
				INFOPLIST_FILE = InvitesSample/Info.plist;
				LD_RUNPATH_SEARCH_PATHS = (
					"$(inherited)",
					"@executable_path/Frameworks",
				);
				PRODUCT_BUNDLE_IDENTIFIER = com.firebase.InvitesSample;
				PRODUCT_NAME = "$(TARGET_NAME)";
				SWIFT_VERSION = 4.2;
				TARGETED_DEVICE_FAMILY = "1,2";
			};
			name = Debug;
		};
		8D5E352D218CC81E00F42066 /* Release */ = {
			isa = XCBuildConfiguration;
			buildSettings = {
				ASSETCATALOG_COMPILER_APPICON_NAME = AppIcon;
				CODE_SIGN_STYLE = Automatic;
				DEVELOPMENT_TEAM = M6DRS84M33;
				INFOPLIST_FILE = InvitesSample/Info.plist;
				LD_RUNPATH_SEARCH_PATHS = (
					"$(inherited)",
					"@executable_path/Frameworks",
				);
				PRODUCT_BUNDLE_IDENTIFIER = com.firebase.InvitesSample;
				PRODUCT_NAME = "$(TARGET_NAME)";
				SWIFT_VERSION = 4.2;
				TARGETED_DEVICE_FAMILY = "1,2";
			};
			name = Release;
		};
		8D5E352F218CC81E00F42066 /* Debug */ = {
			isa = XCBuildConfiguration;
			buildSettings = {
				ALWAYS_EMBED_SWIFT_STANDARD_LIBRARIES = YES;
				BUNDLE_LOADER = "$(TEST_HOST)";
				CODE_SIGN_STYLE = Automatic;
				INFOPLIST_FILE = InvitesSampleTests/Info.plist;
				LD_RUNPATH_SEARCH_PATHS = (
					"$(inherited)",
					"@executable_path/Frameworks",
					"@loader_path/Frameworks",
				);
				PRODUCT_BUNDLE_IDENTIFIER = com.firebase.InvitesSampleTests;
				PRODUCT_NAME = "$(TARGET_NAME)";
				SWIFT_VERSION = 4.2;
				TARGETED_DEVICE_FAMILY = "1,2";
				TEST_HOST = "$(BUILT_PRODUCTS_DIR)/InvitesSample.app/InvitesSample";
			};
			name = Debug;
		};
		8D5E3530218CC81E00F42066 /* Release */ = {
			isa = XCBuildConfiguration;
			buildSettings = {
				ALWAYS_EMBED_SWIFT_STANDARD_LIBRARIES = YES;
				BUNDLE_LOADER = "$(TEST_HOST)";
				CODE_SIGN_STYLE = Automatic;
				INFOPLIST_FILE = InvitesSampleTests/Info.plist;
				LD_RUNPATH_SEARCH_PATHS = (
					"$(inherited)",
					"@executable_path/Frameworks",
					"@loader_path/Frameworks",
				);
				PRODUCT_BUNDLE_IDENTIFIER = com.firebase.InvitesSampleTests;
				PRODUCT_NAME = "$(TARGET_NAME)";
				SWIFT_VERSION = 4.2;
				TARGETED_DEVICE_FAMILY = "1,2";
				TEST_HOST = "$(BUILT_PRODUCTS_DIR)/InvitesSample.app/InvitesSample";
			};
			name = Release;
		};
		8D5E3532218CC81E00F42066 /* Debug */ = {
			isa = XCBuildConfiguration;
			buildSettings = {
				ALWAYS_EMBED_SWIFT_STANDARD_LIBRARIES = YES;
				CODE_SIGN_STYLE = Automatic;
				INFOPLIST_FILE = InvitesSampleUITests/Info.plist;
				LD_RUNPATH_SEARCH_PATHS = (
					"$(inherited)",
					"@executable_path/Frameworks",
					"@loader_path/Frameworks",
				);
				PRODUCT_BUNDLE_IDENTIFIER = com.firebase.InvitesSampleUITests;
				PRODUCT_NAME = "$(TARGET_NAME)";
				SWIFT_VERSION = 4.2;
				TARGETED_DEVICE_FAMILY = "1,2";
				TEST_TARGET_NAME = InvitesSample;
			};
			name = Debug;
		};
		8D5E3533218CC81E00F42066 /* Release */ = {
			isa = XCBuildConfiguration;
			buildSettings = {
				ALWAYS_EMBED_SWIFT_STANDARD_LIBRARIES = YES;
				CODE_SIGN_STYLE = Automatic;
				INFOPLIST_FILE = InvitesSampleUITests/Info.plist;
				LD_RUNPATH_SEARCH_PATHS = (
					"$(inherited)",
					"@executable_path/Frameworks",
					"@loader_path/Frameworks",
				);
				PRODUCT_BUNDLE_IDENTIFIER = com.firebase.InvitesSampleUITests;
				PRODUCT_NAME = "$(TARGET_NAME)";
				SWIFT_VERSION = 4.2;
				TARGETED_DEVICE_FAMILY = "1,2";
				TEST_TARGET_NAME = InvitesSample;
			};
			name = Release;
		};
		8D71A42821F7D01E004FB387 /* Debug */ = {
			isa = XCBuildConfiguration;
			buildSettings = {
				ASSETCATALOG_COMPILER_APPICON_NAME = AppIcon;
				CODE_SIGN_STYLE = Automatic;
				INFOPLIST_FILE = InvitesSampleObjC/Info.plist;
				IPHONEOS_DEPLOYMENT_TARGET = 12.1;
				LD_RUNPATH_SEARCH_PATHS = (
					"$(inherited)",
					"@executable_path/Frameworks",
				);
				PRODUCT_BUNDLE_IDENTIFIER = com.firebase.InvitesSampleObjC;
				PRODUCT_NAME = "$(TARGET_NAME)";
				TARGETED_DEVICE_FAMILY = "1,2";
			};
			name = Debug;
		};
		8D71A42921F7D01E004FB387 /* Release */ = {
			isa = XCBuildConfiguration;
			buildSettings = {
				ASSETCATALOG_COMPILER_APPICON_NAME = AppIcon;
				CODE_SIGN_STYLE = Automatic;
				INFOPLIST_FILE = InvitesSampleObjC/Info.plist;
				IPHONEOS_DEPLOYMENT_TARGET = 12.1;
				LD_RUNPATH_SEARCH_PATHS = (
					"$(inherited)",
					"@executable_path/Frameworks",
				);
				PRODUCT_BUNDLE_IDENTIFIER = com.firebase.InvitesSampleObjC;
				PRODUCT_NAME = "$(TARGET_NAME)";
				TARGETED_DEVICE_FAMILY = "1,2";
			};
			name = Release;
		};
		8D71A42B21F7D01E004FB387 /* Debug */ = {
			isa = XCBuildConfiguration;
			buildSettings = {
				BUNDLE_LOADER = "$(TEST_HOST)";
				CODE_SIGN_STYLE = Automatic;
				INFOPLIST_FILE = InvitesSampleObjCTests/Info.plist;
				IPHONEOS_DEPLOYMENT_TARGET = 12.1;
				LD_RUNPATH_SEARCH_PATHS = (
					"$(inherited)",
					"@executable_path/Frameworks",
					"@loader_path/Frameworks",
				);
				PRODUCT_BUNDLE_IDENTIFIER = com.firebase.InvitesSampleObjCTests;
				PRODUCT_NAME = "$(TARGET_NAME)";
				TARGETED_DEVICE_FAMILY = "1,2";
				TEST_HOST = "$(BUILT_PRODUCTS_DIR)/InvitesSampleObjC.app/InvitesSampleObjC";
			};
			name = Debug;
		};
		8D71A42C21F7D01E004FB387 /* Release */ = {
			isa = XCBuildConfiguration;
			buildSettings = {
				BUNDLE_LOADER = "$(TEST_HOST)";
				CODE_SIGN_STYLE = Automatic;
				INFOPLIST_FILE = InvitesSampleObjCTests/Info.plist;
				IPHONEOS_DEPLOYMENT_TARGET = 12.1;
				LD_RUNPATH_SEARCH_PATHS = (
					"$(inherited)",
					"@executable_path/Frameworks",
					"@loader_path/Frameworks",
				);
				PRODUCT_BUNDLE_IDENTIFIER = com.firebase.InvitesSampleObjCTests;
				PRODUCT_NAME = "$(TARGET_NAME)";
				TARGETED_DEVICE_FAMILY = "1,2";
				TEST_HOST = "$(BUILT_PRODUCTS_DIR)/InvitesSampleObjC.app/InvitesSampleObjC";
			};
			name = Release;
		};
		8D71A42E21F7D01E004FB387 /* Debug */ = {
			isa = XCBuildConfiguration;
			buildSettings = {
				CODE_SIGN_STYLE = Automatic;
				INFOPLIST_FILE = InvitesSampleObjCUITests/Info.plist;
				IPHONEOS_DEPLOYMENT_TARGET = 12.1;
				LD_RUNPATH_SEARCH_PATHS = (
					"$(inherited)",
					"@executable_path/Frameworks",
					"@loader_path/Frameworks",
				);
				PRODUCT_BUNDLE_IDENTIFIER = com.firebase.InvitesSampleObjCUITests;
				PRODUCT_NAME = "$(TARGET_NAME)";
				TARGETED_DEVICE_FAMILY = "1,2";
				TEST_TARGET_NAME = InvitesSampleObjC;
			};
			name = Debug;
		};
		8D71A42F21F7D01E004FB387 /* Release */ = {
			isa = XCBuildConfiguration;
			buildSettings = {
				CODE_SIGN_STYLE = Automatic;
				INFOPLIST_FILE = InvitesSampleObjCUITests/Info.plist;
				IPHONEOS_DEPLOYMENT_TARGET = 12.1;
				LD_RUNPATH_SEARCH_PATHS = (
					"$(inherited)",
					"@executable_path/Frameworks",
					"@loader_path/Frameworks",
				);
				PRODUCT_BUNDLE_IDENTIFIER = com.firebase.InvitesSampleObjCUITests;
				PRODUCT_NAME = "$(TARGET_NAME)";
				TARGETED_DEVICE_FAMILY = "1,2";
				TEST_TARGET_NAME = InvitesSampleObjC;
			};
			name = Release;
		};
/* End XCBuildConfiguration section */

/* Begin XCConfigurationList section */
		8D5E34FE218CC81C00F42066 /* Build configuration list for PBXProject "InvitesSample" */ = {
			isa = XCConfigurationList;
			buildConfigurations = (
				8D5E3529218CC81E00F42066 /* Debug */,
				8D5E352A218CC81E00F42066 /* Release */,
			);
			defaultConfigurationIsVisible = 0;
			defaultConfigurationName = Release;
		};
		8D5E352B218CC81E00F42066 /* Build configuration list for PBXNativeTarget "InvitesSample" */ = {
			isa = XCConfigurationList;
			buildConfigurations = (
				8D5E352C218CC81E00F42066 /* Debug */,
				8D5E352D218CC81E00F42066 /* Release */,
			);
			defaultConfigurationIsVisible = 0;
			defaultConfigurationName = Release;
		};
		8D5E352E218CC81E00F42066 /* Build configuration list for PBXNativeTarget "InvitesSampleTests" */ = {
			isa = XCConfigurationList;
			buildConfigurations = (
				8D5E352F218CC81E00F42066 /* Debug */,
				8D5E3530218CC81E00F42066 /* Release */,
			);
			defaultConfigurationIsVisible = 0;
			defaultConfigurationName = Release;
		};
		8D5E3531218CC81E00F42066 /* Build configuration list for PBXNativeTarget "InvitesSampleUITests" */ = {
			isa = XCConfigurationList;
			buildConfigurations = (
				8D5E3532218CC81E00F42066 /* Debug */,
				8D5E3533218CC81E00F42066 /* Release */,
			);
			defaultConfigurationIsVisible = 0;
			defaultConfigurationName = Release;
		};
		8D71A42721F7D01E004FB387 /* Build configuration list for PBXNativeTarget "InvitesSampleObjC" */ = {
			isa = XCConfigurationList;
			buildConfigurations = (
				8D71A42821F7D01E004FB387 /* Debug */,
				8D71A42921F7D01E004FB387 /* Release */,
			);
			defaultConfigurationIsVisible = 0;
			defaultConfigurationName = Release;
		};
		8D71A42A21F7D01E004FB387 /* Build configuration list for PBXNativeTarget "InvitesSampleObjCTests" */ = {
			isa = XCConfigurationList;
			buildConfigurations = (
				8D71A42B21F7D01E004FB387 /* Debug */,
				8D71A42C21F7D01E004FB387 /* Release */,
			);
			defaultConfigurationIsVisible = 0;
			defaultConfigurationName = Release;
		};
		8D71A42D21F7D01E004FB387 /* Build configuration list for PBXNativeTarget "InvitesSampleObjCUITests" */ = {
			isa = XCConfigurationList;
			buildConfigurations = (
				8D71A42E21F7D01E004FB387 /* Debug */,
				8D71A42F21F7D01E004FB387 /* Release */,
			);
			defaultConfigurationIsVisible = 0;
			defaultConfigurationName = Release;
		};
/* End XCConfigurationList section */
	};
	rootObject = 8D5E34FB218CC81C00F42066 /* Project object */;
}
