PODS:
  - Firebase/CoreOnly (10.22.0):
    - FirebaseCore (= 10.22.0)
  - Firebase/Functions (10.22.0):
    - Firebase/CoreOnly
    - FirebaseFunctions (~> 10.22.0)
  - FirebaseAppCheckInterop (10.22.0)
  - FirebaseAuthInterop (10.22.0)
  - FirebaseCore (10.22.0):
    - FirebaseCoreInternal (~> 10.0)
    - GoogleUtilities/Environment (~> 7.12)
    - GoogleUtilities/Logger (~> 7.12)
  - FirebaseCoreExtension (10.22.0):
    - FirebaseCore (~> 10.0)
  - FirebaseCoreInternal (10.22.0):
    - "GoogleUtilities/NSData+zlib (~> 7.8)"
  - FirebaseFunctions (10.22.0):
    - FirebaseAppCheckInterop (~> 10.10)
    - FirebaseAuthInterop (~> 10.0)
    - FirebaseCore (~> 10.0)
    - FirebaseCoreExtension (~> 10.0)
    - FirebaseMessagingInterop (~> 10.0)
    - FirebaseSharedSwift (~> 10.0)
    - GTMSessionFetcher/Core (< 4.0, >= 2.1)
  - FirebaseMessagingInterop (10.22.0)
  - FirebaseSharedSwift (10.22.0)
  - GoogleUtilities/Environment (7.13.0):
    - GoogleUtilities/Privacy
    - PromisesObjC (< 3.0, >= 1.2)
  - GoogleUtilities/Logger (7.13.0):
    - GoogleUtilities/Environment
    - GoogleUtilities/Privacy
  - "GoogleUtilities/NSData+zlib (7.13.0)":
    - GoogleUtilities/Privacy
  - GoogleUtilities/Privacy (7.13.0)
  - GTMSessionFetcher/Core (3.3.1)
  - PromisesObjC (2.4.0)

DEPENDENCIES:
  - Firebase/Functions

SPEC REPOS:
  trunk:
    - Firebase
    - FirebaseAppCheckInterop
    - FirebaseAuthInterop
    - FirebaseCore
    - FirebaseCoreExtension
    - FirebaseCoreInternal
    - FirebaseFunctions
    - FirebaseMessagingInterop
    - FirebaseSharedSwift
    - GoogleUtilities
    - GTMSessionFetcher
    - PromisesObjC

SPEC CHECKSUMS:
  Firebase: 797fd7297b7e1be954432743a0b3f90038e45a71
  FirebaseAppCheckInterop: 58db3e9494751399cf3e7b7e3e705cff71099153
  FirebaseAuthInterop: fa6a29d88cf7d5649cf6f4284918a8b7627e98a9
  FirebaseCore: 0326ec9b05fbed8f8716cddbf0e36894a13837f7
  FirebaseCoreExtension: 6394c00b887d0bebadbc7049c464aa0cbddc5d41
  FirebaseCoreInternal: bca337352024b18424a61e478460547d46c4c753
  FirebaseFunctions: e1250e790106ecaeb6b1aba4c4bc0afe6ae80ede
  FirebaseMessagingInterop: d0b1a0e097a2a3af04ac9eae597779493dd061f3
  FirebaseSharedSwift: 48076404e6e52372290d15a07d2ed1d2f1754023
  GoogleUtilities: d053d902a8edaa9904e1bd00c37535385b8ed152
  GTMSessionFetcher: 8a1b34ad97ebe6f909fb8b9b77fba99943007556
  PromisesObjC: f5707f49cb48b9636751c5b2e7d227e43fba9f47

PODFILE CHECKSUM: aa543baa476adf0a1eb62d4970ac2cffc30a1931

COCOAPODS: 1.15.2
