PODS:
  - AppCheckCore (10.19.1):
    - GoogleUtilities/Environment (~> 7.13)
    - GoogleUtilities/UserDefaults (~> 7.13)
    - PromisesObjC (~> 2.3)
  - Firebase/AppCheck (10.27.0):
    - Firebase/CoreOnly
    - FirebaseAppCheck (~> 10.27.0)
  - Firebase/CoreOnly (10.27.0):
    - FirebaseCore (= 10.27.0)
  - FirebaseAppCheck (10.27.0):
    - AppCheckCore (~> 10.19)
    - FirebaseAppCheckInterop (~> 10.17)
    - FirebaseCore (~> 10.18)
    - GoogleUtilities/Environment (~> 7.13)
    - GoogleUtilities/UserDefaults (~> 7.13)
    - PromisesObjC (~> 2.1)
  - FirebaseAppCheckInterop (10.27.0)
  - FirebaseCore (10.27.0):
    - FirebaseCoreInternal (~> 10.0)
    - GoogleUtilities/Environment (~> 7.12)
    - GoogleUtilities/Logger (~> 7.12)
  - FirebaseCoreInternal (10.27.0):
    - "GoogleUtilities/NSData+zlib (~> 7.8)"
  - GoogleUtilities/Environment (7.13.3):
    - GoogleUtilities/Privacy
    - PromisesObjC (< 3.0, >= 1.2)
  - GoogleUtilities/Logger (7.13.3):
    - GoogleUtilities/Environment
    - GoogleUtilities/Privacy
  - "GoogleUtilities/NSData+zlib (7.13.3)":
    - GoogleUtilities/Privacy
  - GoogleUtilities/Privacy (7.13.3)
  - GoogleUtilities/UserDefaults (7.13.3):
    - GoogleUtilities/Logger
    - GoogleUtilities/Privacy
  - PromisesObjC (2.4.0)

DEPENDENCIES:
  - Firebase/AppCheck

SPEC REPOS:
  trunk:
    - AppCheckCore
    - Firebase
    - FirebaseAppCheck
    - FirebaseAppCheckInterop
    - FirebaseCore
    - FirebaseCoreInternal
    - GoogleUtilities
    - PromisesObjC

SPEC CHECKSUMS:
  AppCheckCore: db04d539b37794558391bc56bc65e2440b01a195
  Firebase: 26b040b20866a55f55eb3611b9fcf3ae64816b86
  FirebaseAppCheck: 2395c0d724d32911bba468f1ffde26d836a8d3ec
  FirebaseAppCheckInterop: 0dd062c9926a76332ca5711dbed6f1a9ac540b54
  FirebaseCore: a2b95ae4ce7c83ceecfbbbe3b6f1cddc7415a808
  FirebaseCoreInternal: 4b297a2d56063dbea2c1d0d04222d44a8d058862
  GoogleUtilities: ea963c370a38a8069cc5f7ba4ca849a60b6d7d15
  PromisesObjC: f5707f49cb48b9636751c5b2e7d227e43fba9f47

PODFILE CHECKSUM: 3f5fe9faa57008d6327228db502ed5519ccd4918

COCOAPODS: 1.15.2
