PODS:
  - Firebase/AppCheck (10.11.0):
    - Firebase/CoreOnly
    - FirebaseAppCheck (~> 10.11.0)
  - Firebase/CoreOnly (10.11.0):
    - FirebaseCore (= 10.11.0)
  - FirebaseAppCheck (10.11.0):
    - FirebaseCore (~> 10.0)
    - GoogleUtilities/Environment (~> 7.8)
    - PromisesObjC (~> 2.1)
  - FirebaseCore (10.11.0):
    - FirebaseCoreInternal (~> 10.0)
    - GoogleUtilities/Environment (~> 7.8)
    - GoogleUtilities/Logger (~> 7.8)
  - FirebaseCoreInternal (10.11.0):
    - "GoogleUtilities/NSData+zlib (~> 7.8)"
  - GoogleUtilities/Environment (7.11.1):
    - PromisesObjC (< 3.0, >= 1.2)
  - GoogleUtilities/Logger (7.11.1):
    - GoogleUtilities/Environment
  - "GoogleUtilities/NSData+zlib (7.11.1)"
  - PromisesObjC (2.2.0)

DEPENDENCIES:
  - Firebase/AppCheck

SPEC REPOS:
  trunk:
    - Firebase
    - FirebaseAppCheck
    - FirebaseCore
    - FirebaseCoreInternal
    - GoogleUtilities
    - PromisesObjC

SPEC CHECKSUMS:
  Firebase: 31d9575c124839fb5abc0db6d39511cc1dab1b85
  FirebaseAppCheck: fb7a0f680b941e9efd67b1ed9b1d700a2ed73ce5
  FirebaseCore: 62fd4d549f5e3f3bd52b7998721c5fa0557fb355
  FirebaseCoreInternal: 9e46c82a14a3b3a25be4e1e151ce6d21536b89c0
  GoogleUtilities: 9aa0ad5a7bc171f8bae016300bfcfa3fb8425749
  PromisesObjC: 09985d6d70fbe7878040aa746d78236e6946d2ef

PODFILE CHECKSUM: 3f5fe9faa57008d6327228db502ed5519ccd4918

COCOAPODS: 1.12.1
