// !$*UTF8*$!
{
	archiveVersion = 1;
	classes = {
	};
	objectVersion = 50;
	objects = {

/* Begin PBXBuildFile section */
		3E64A79D229376BB003EE93A /* AppDelegate.m in Sources */ = {isa = PBXBuildFile; fileRef = 3E64A79C229376BB003EE93A /* AppDelegate.m */; };
		3E64A7A0229376BB003EE93A /* ViewController.m in Sources */ = {isa = PBXBuildFile; fileRef = 3E64A79F229376BB003EE93A /* ViewController.m */; };
		3E64A7A3229376BB003EE93A /* Main.storyboard in Resources */ = {isa = PBXBuildFile; fileRef = 3E64A7A1229376BB003EE93A /* Main.storyboard */; };
		3E64A7A5229376BC003EE93A /* Assets.xcassets in Resources */ = {isa = PBXBuildFile; fileRef = 3E64A7A4229376BC003EE93A /* Assets.xcassets */; };
		3E64A7A8229376BC003EE93A /* LaunchScreen.storyboard in Resources */ = {isa = PBXBuildFile; fileRef = 3E64A7A6229376BC003EE93A /* LaunchScreen.storyboard */; };
		3E64A7AB229376BC003EE93A /* main.m in Sources */ = {isa = PBXBuildFile; fileRef = 3E64A7AA229376BC003EE93A /* main.m */; };
		3E64A7B92294513E003EE93A /* AppDelegate.swift in Sources */ = {isa = PBXBuildFile; fileRef = 3E64A7B82294513E003EE93A /* AppDelegate.swift */; };
		3E64A7BB2294513E003EE93A /* ViewController.swift in Sources */ = {isa = PBXBuildFile; fileRef = 3E64A7BA2294513E003EE93A /* ViewController.swift */; };
		3E64A7BE2294513E003EE93A /* Main.storyboard in Resources */ = {isa = PBXBuildFile; fileRef = 3E64A7BC2294513E003EE93A /* Main.storyboard */; };
		3E64A7C02294513E003EE93A /* Assets.xcassets in Resources */ = {isa = PBXBuildFile; fileRef = 3E64A7BF2294513E003EE93A /* Assets.xcassets */; };
		3E64A7C32294513E003EE93A /* LaunchScreen.storyboard in Resources */ = {isa = PBXBuildFile; fileRef = 3E64A7C12294513E003EE93A /* LaunchScreen.storyboard */; };
		3E64A7C9229456A3003EE93A /* CardActionFiamDelegate.swift in Sources */ = {isa = PBXBuildFile; fileRef = 3E64A7C8229456A3003EE93A /* CardActionFiamDelegate.swift */; };
		3E64A7D522946983003EE93A /* CardActionFiamDelegate.m in Sources */ = {isa = PBXBuildFile; fileRef = 3E64A7D422946983003EE93A /* CardActionFiamDelegate.m */; };
		7B57A0C81AD819D38114C0DA /* Pods_FIAMReferenceSwift.framework in Frameworks */ = {isa = PBXBuildFile; fileRef = F5CB090B898D1808D8BFB45E /* Pods_FIAMReferenceSwift.framework */; };
		9DC7047D28AC0715DA8758B9 /* Pods_FIAMReference.framework in Frameworks */ = {isa = PBXBuildFile; fileRef = 0F31B861CDBF9DB7CD403440 /* Pods_FIAMReference.framework */; };
/* End PBXBuildFile section */

/* Begin PBXFileReference section */
		0F31B861CDBF9DB7CD403440 /* Pods_FIAMReference.framework */ = {isa = PBXFileReference; explicitFileType = wrapper.framework; includeInIndex = 0; path = Pods_FIAMReference.framework; sourceTree = BUILT_PRODUCTS_DIR; };
		3E64A798229376BB003EE93A /* FIAMReference.app */ = {isa = PBXFileReference; explicitFileType = wrapper.application; includeInIndex = 0; path = FIAMReference.app; sourceTree = BUILT_PRODUCTS_DIR; };
		3E64A79B229376BB003EE93A /* AppDelegate.h */ = {isa = PBXFileReference; lastKnownFileType = sourcecode.c.h; path = AppDelegate.h; sourceTree = "<group>"; };
		3E64A79C229376BB003EE93A /* AppDelegate.m */ = {isa = PBXFileReference; lastKnownFileType = sourcecode.c.objc; path = AppDelegate.m; sourceTree = "<group>"; };
		3E64A79E229376BB003EE93A /* ViewController.h */ = {isa = PBXFileReference; lastKnownFileType = sourcecode.c.h; path = ViewController.h; sourceTree = "<group>"; };
		3E64A79F229376BB003EE93A /* ViewController.m */ = {isa = PBXFileReference; lastKnownFileType = sourcecode.c.objc; path = ViewController.m; sourceTree = "<group>"; };
		3E64A7A2229376BB003EE93A /* Base */ = {isa = PBXFileReference; lastKnownFileType = file.storyboard; name = Base; path = Base.lproj/Main.storyboard; sourceTree = "<group>"; };
		3E64A7A4229376BC003EE93A /* Assets.xcassets */ = {isa = PBXFileReference; lastKnownFileType = folder.assetcatalog; path = Assets.xcassets; sourceTree = "<group>"; };
		3E64A7A7229376BC003EE93A /* Base */ = {isa = PBXFileReference; lastKnownFileType = file.storyboard; name = Base; path = Base.lproj/LaunchScreen.storyboard; sourceTree = "<group>"; };
		3E64A7A9229376BC003EE93A /* Info.plist */ = {isa = PBXFileReference; lastKnownFileType = text.plist.xml; path = Info.plist; sourceTree = "<group>"; };
		3E64A7AA229376BC003EE93A /* main.m */ = {isa = PBXFileReference; lastKnownFileType = sourcecode.c.objc; path = main.m; sourceTree = "<group>"; };
		3E64A7B62294513E003EE93A /* FIAMReferenceSwift.app */ = {isa = PBXFileReference; explicitFileType = wrapper.application; includeInIndex = 0; path = FIAMReferenceSwift.app; sourceTree = BUILT_PRODUCTS_DIR; };
		3E64A7B82294513E003EE93A /* AppDelegate.swift */ = {isa = PBXFileReference; lastKnownFileType = sourcecode.swift; path = AppDelegate.swift; sourceTree = "<group>"; };
		3E64A7BA2294513E003EE93A /* ViewController.swift */ = {isa = PBXFileReference; lastKnownFileType = sourcecode.swift; path = ViewController.swift; sourceTree = "<group>"; };
		3E64A7BD2294513E003EE93A /* Base */ = {isa = PBXFileReference; lastKnownFileType = file.storyboard; name = Base; path = Base.lproj/Main.storyboard; sourceTree = "<group>"; };
		3E64A7BF2294513E003EE93A /* Assets.xcassets */ = {isa = PBXFileReference; lastKnownFileType = folder.assetcatalog; path = Assets.xcassets; sourceTree = "<group>"; };
		3E64A7C22294513E003EE93A /* Base */ = {isa = PBXFileReference; lastKnownFileType = file.storyboard; name = Base; path = Base.lproj/LaunchScreen.storyboard; sourceTree = "<group>"; };
		3E64A7C42294513E003EE93A /* Info.plist */ = {isa = PBXFileReference; lastKnownFileType = text.plist.xml; path = Info.plist; sourceTree = "<group>"; };
		3E64A7C8229456A3003EE93A /* CardActionFiamDelegate.swift */ = {isa = PBXFileReference; lastKnownFileType = sourcecode.swift; path = CardActionFiamDelegate.swift; sourceTree = "<group>"; };
		3E64A7D322946983003EE93A /* CardActionFiamDelegate.h */ = {isa = PBXFileReference; lastKnownFileType = sourcecode.c.h; path = CardActionFiamDelegate.h; sourceTree = "<group>"; };
		3E64A7D422946983003EE93A /* CardActionFiamDelegate.m */ = {isa = PBXFileReference; lastKnownFileType = sourcecode.c.objc; path = CardActionFiamDelegate.m; sourceTree = "<group>"; };
		60DA3A39F9552E8B37AD597C /* Pods-FIAMReferenceSwift.release.xcconfig */ = {isa = PBXFileReference; includeInIndex = 1; lastKnownFileType = text.xcconfig; name = "Pods-FIAMReferenceSwift.release.xcconfig"; path = "Target Support Files/Pods-FIAMReferenceSwift/Pods-FIAMReferenceSwift.release.xcconfig"; sourceTree = "<group>"; };
		8D026225BF1D8381A23B9CDD /* Pods-FIAMReferenceSwift.debug.xcconfig */ = {isa = PBXFileReference; includeInIndex = 1; lastKnownFileType = text.xcconfig; name = "Pods-FIAMReferenceSwift.debug.xcconfig"; path = "Target Support Files/Pods-FIAMReferenceSwift/Pods-FIAMReferenceSwift.debug.xcconfig"; sourceTree = "<group>"; };
		9E2817EDB630021664AEF7F0 /* Pods-FIAMReference.release.xcconfig */ = {isa = PBXFileReference; includeInIndex = 1; lastKnownFileType = text.xcconfig; name = "Pods-FIAMReference.release.xcconfig"; path = "Target Support Files/Pods-FIAMReference/Pods-FIAMReference.release.xcconfig"; sourceTree = "<group>"; };
		B20FEECC6333640D763A6374 /* Pods-FIAMReference.debug.xcconfig */ = {isa = PBXFileReference; includeInIndex = 1; lastKnownFileType = text.xcconfig; name = "Pods-FIAMReference.debug.xcconfig"; path = "Target Support Files/Pods-FIAMReference/Pods-FIAMReference.debug.xcconfig"; sourceTree = "<group>"; };
		F5CB090B898D1808D8BFB45E /* Pods_FIAMReferenceSwift.framework */ = {isa = PBXFileReference; explicitFileType = wrapper.framework; includeInIndex = 0; path = Pods_FIAMReferenceSwift.framework; sourceTree = BUILT_PRODUCTS_DIR; };
/* End PBXFileReference section */

/* Begin PBXFrameworksBuildPhase section */
		3E64A795229376BB003EE93A /* Frameworks */ = {
			isa = PBXFrameworksBuildPhase;
			buildActionMask = 2147483647;
			files = (
				9DC7047D28AC0715DA8758B9 /* Pods_FIAMReference.framework in Frameworks */,
			);
			runOnlyForDeploymentPostprocessing = 0;
		};
		3E64A7B32294513E003EE93A /* Frameworks */ = {
			isa = PBXFrameworksBuildPhase;
			buildActionMask = 2147483647;
			files = (
				7B57A0C81AD819D38114C0DA /* Pods_FIAMReferenceSwift.framework in Frameworks */,
			);
			runOnlyForDeploymentPostprocessing = 0;
		};
/* End PBXFrameworksBuildPhase section */

/* Begin PBXGroup section */
		3E64A78F229376BB003EE93A = {
			isa = PBXGroup;
			children = (
				3E64A79A229376BB003EE93A /* FIAMReference */,
				3E64A7B72294513E003EE93A /* FIAMReferenceSwift */,
				3E64A799229376BB003EE93A /* Products */,
				CE6E66E48A82916264FE3F5B /* Pods */,
				A53E5F3D908E32CBF3BBB4EC /* Frameworks */,
			);
			sourceTree = "<group>";
		};
		3E64A799229376BB003EE93A /* Products */ = {
			isa = PBXGroup;
			children = (
				3E64A798229376BB003EE93A /* FIAMReference.app */,
				3E64A7B62294513E003EE93A /* FIAMReferenceSwift.app */,
			);
			name = Products;
			sourceTree = "<group>";
		};
		3E64A79A229376BB003EE93A /* FIAMReference */ = {
			isa = PBXGroup;
			children = (
				3E64A79B229376BB003EE93A /* AppDelegate.h */,
				3E64A79C229376BB003EE93A /* AppDelegate.m */,
				3E64A79E229376BB003EE93A /* ViewController.h */,
				3E64A79F229376BB003EE93A /* ViewController.m */,
				3E64A7A1229376BB003EE93A /* Main.storyboard */,
				3E64A7A4229376BC003EE93A /* Assets.xcassets */,
				3E64A7A6229376BC003EE93A /* LaunchScreen.storyboard */,
				3E64A7A9229376BC003EE93A /* Info.plist */,
				3E64A7AA229376BC003EE93A /* main.m */,
				3E64A7D322946983003EE93A /* CardActionFiamDelegate.h */,
				3E64A7D422946983003EE93A /* CardActionFiamDelegate.m */,
			);
			path = FIAMReference;
			sourceTree = "<group>";
		};
		3E64A7B72294513E003EE93A /* FIAMReferenceSwift */ = {
			isa = PBXGroup;
			children = (
				3E64A7B82294513E003EE93A /* AppDelegate.swift */,
				3E64A7BA2294513E003EE93A /* ViewController.swift */,
				3E64A7BC2294513E003EE93A /* Main.storyboard */,
				3E64A7BF2294513E003EE93A /* Assets.xcassets */,
				3E64A7C12294513E003EE93A /* LaunchScreen.storyboard */,
				3E64A7C42294513E003EE93A /* Info.plist */,
				3E64A7C8229456A3003EE93A /* CardActionFiamDelegate.swift */,
			);
			path = FIAMReferenceSwift;
			sourceTree = "<group>";
		};
		A53E5F3D908E32CBF3BBB4EC /* Frameworks */ = {
			isa = PBXGroup;
			children = (
				0F31B861CDBF9DB7CD403440 /* Pods_FIAMReference.framework */,
				F5CB090B898D1808D8BFB45E /* Pods_FIAMReferenceSwift.framework */,
			);
			name = Frameworks;
			sourceTree = "<group>";
		};
		CE6E66E48A82916264FE3F5B /* Pods */ = {
			isa = PBXGroup;
			children = (
				B20FEECC6333640D763A6374 /* Pods-FIAMReference.debug.xcconfig */,
				9E2817EDB630021664AEF7F0 /* Pods-FIAMReference.release.xcconfig */,
				8D026225BF1D8381A23B9CDD /* Pods-FIAMReferenceSwift.debug.xcconfig */,
				60DA3A39F9552E8B37AD597C /* Pods-FIAMReferenceSwift.release.xcconfig */,
			);
			name = Pods;
			path = ../Pods;
			sourceTree = "<group>";
		};
/* End PBXGroup section */

/* Begin PBXNativeTarget section */
		3E64A797229376BB003EE93A /* FIAMReference */ = {
			isa = PBXNativeTarget;
			buildConfigurationList = 3E64A7AE229376BC003EE93A /* Build configuration list for PBXNativeTarget "FIAMReference" */;
			buildPhases = (
				46E292585FA315EF59F64499 /* [CP] Check Pods Manifest.lock */,
				3E64A794229376BB003EE93A /* Sources */,
				3E64A795229376BB003EE93A /* Frameworks */,
				3E64A796229376BB003EE93A /* Resources */,
				65339EA2723DC26D2F6AB3B9 /* [CP] Embed Pods Frameworks */,
				C7965CB691942633E444DB3C /* [CP] Copy Pods Resources */,
			);
			buildRules = (
			);
			dependencies = (
			);
			name = FIAMReference;
			productName = FIAMReference;
			productReference = 3E64A798229376BB003EE93A /* FIAMReference.app */;
			productType = "com.apple.product-type.application";
		};
		3E64A7B52294513E003EE93A /* FIAMReferenceSwift */ = {
			isa = PBXNativeTarget;
			buildConfigurationList = 3E64A7C72294513E003EE93A /* Build configuration list for PBXNativeTarget "FIAMReferenceSwift" */;
			buildPhases = (
				BBF5C5D44E878689104526D9 /* [CP] Check Pods Manifest.lock */,
				3E64A7B22294513E003EE93A /* Sources */,
				3E64A7B32294513E003EE93A /* Frameworks */,
				3E64A7B42294513E003EE93A /* Resources */,
				C45D95F46F4377C48D861896 /* [CP] Embed Pods Frameworks */,
				771EE35B3102DD3769ED7A38 /* [CP] Copy Pods Resources */,
			);
			buildRules = (
			);
			dependencies = (
			);
			name = FIAMReferenceSwift;
			productName = FIAMReferenceSwift;
			productReference = 3E64A7B62294513E003EE93A /* FIAMReferenceSwift.app */;
			productType = "com.apple.product-type.application";
		};
/* End PBXNativeTarget section */

/* Begin PBXProject section */
		3E64A790229376BB003EE93A /* Project object */ = {
			isa = PBXProject;
			attributes = {
				LastSwiftUpdateCheck = 1000;
				LastUpgradeCheck = 1000;
				ORGANIZATIONNAME = Google;
				TargetAttributes = {
					3E64A797229376BB003EE93A = {
						CreatedOnToolsVersion = 10.0;
					};
					3E64A7B52294513E003EE93A = {
						CreatedOnToolsVersion = 10.0;
					};
				};
			};
			buildConfigurationList = 3E64A793229376BB003EE93A /* Build configuration list for PBXProject "FIAMReference" */;
			compatibilityVersion = "Xcode 9.3";
			developmentRegion = en;
			hasScannedForEncodings = 0;
			knownRegions = (
				en,
				Base,
			);
			mainGroup = 3E64A78F229376BB003EE93A;
			productRefGroup = 3E64A799229376BB003EE93A /* Products */;
			projectDirPath = "";
			projectRoot = "";
			targets = (
				3E64A797229376BB003EE93A /* FIAMReference */,
				3E64A7B52294513E003EE93A /* FIAMReferenceSwift */,
			);
		};
/* End PBXProject section */

/* Begin PBXResourcesBuildPhase section */
		3E64A796229376BB003EE93A /* Resources */ = {
			isa = PBXResourcesBuildPhase;
			buildActionMask = 2147483647;
			files = (
				3E64A7A8229376BC003EE93A /* LaunchScreen.storyboard in Resources */,
				3E64A7A5229376BC003EE93A /* Assets.xcassets in Resources */,
				3E64A7A3229376BB003EE93A /* Main.storyboard in Resources */,
			);
			runOnlyForDeploymentPostprocessing = 0;
		};
		3E64A7B42294513E003EE93A /* Resources */ = {
			isa = PBXResourcesBuildPhase;
			buildActionMask = 2147483647;
			files = (
				3E64A7C32294513E003EE93A /* LaunchScreen.storyboard in Resources */,
				3E64A7C02294513E003EE93A /* Assets.xcassets in Resources */,
				3E64A7BE2294513E003EE93A /* Main.storyboard in Resources */,
			);
			runOnlyForDeploymentPostprocessing = 0;
		};
/* End PBXResourcesBuildPhase section */

/* Begin PBXShellScriptBuildPhase section */
		46E292585FA315EF59F64499 /* [CP] Check Pods Manifest.lock */ = {
			isa = PBXShellScriptBuildPhase;
			buildActionMask = 2147483647;
			files = (
			);
			inputFileListPaths = (
			);
			inputPaths = (
				"${PODS_PODFILE_DIR_PATH}/Podfile.lock",
				"${PODS_ROOT}/Manifest.lock",
			);
			name = "[CP] Check Pods Manifest.lock";
			outputFileListPaths = (
			);
			outputPaths = (
				"$(DERIVED_FILE_DIR)/Pods-FIAMReference-checkManifestLockResult.txt",
			);
			runOnlyForDeploymentPostprocessing = 0;
			shellPath = /bin/sh;
			shellScript = "diff \"${PODS_PODFILE_DIR_PATH}/Podfile.lock\" \"${PODS_ROOT}/Manifest.lock\" > /dev/null\nif [ $? != 0 ] ; then\n    # print error to STDERR\n    echo \"error: The sandbox is not in sync with the Podfile.lock. Run 'pod install' or update your CocoaPods installation.\" >&2\n    exit 1\nfi\n# This output is used by Xcode 'outputs' to avoid re-running this script phase.\necho \"SUCCESS\" > \"${SCRIPT_OUTPUT_FILE_0}\"\n";
			showEnvVarsInLog = 0;
		};
		65339EA2723DC26D2F6AB3B9 /* [CP] Embed Pods Frameworks */ = {
			isa = PBXShellScriptBuildPhase;
			buildActionMask = 2147483647;
			files = (
			);
			inputFileListPaths = (
				"${PODS_ROOT}/Target Support Files/Pods-FIAMReference/Pods-FIAMReference-frameworks-${CONFIGURATION}-input-files.xcfilelist",
			);
			name = "[CP] Embed Pods Frameworks";
			outputFileListPaths = (
				"${PODS_ROOT}/Target Support Files/Pods-FIAMReference/Pods-FIAMReference-frameworks-${CONFIGURATION}-output-files.xcfilelist",
			);
			runOnlyForDeploymentPostprocessing = 0;
			shellPath = /bin/sh;
			shellScript = "\"${PODS_ROOT}/Target Support Files/Pods-FIAMReference/Pods-FIAMReference-frameworks.sh\"\n";
			showEnvVarsInLog = 0;
		};
		771EE35B3102DD3769ED7A38 /* [CP] Copy Pods Resources */ = {
			isa = PBXShellScriptBuildPhase;
			buildActionMask = 2147483647;
			files = (
			);
			inputFileListPaths = (
				"${PODS_ROOT}/Target Support Files/Pods-FIAMReferenceSwift/Pods-FIAMReferenceSwift-resources-${CONFIGURATION}-input-files.xcfilelist",
			);
			name = "[CP] Copy Pods Resources";
			outputFileListPaths = (
				"${PODS_ROOT}/Target Support Files/Pods-FIAMReferenceSwift/Pods-FIAMReferenceSwift-resources-${CONFIGURATION}-output-files.xcfilelist",
			);
			runOnlyForDeploymentPostprocessing = 0;
			shellPath = /bin/sh;
			shellScript = "\"${PODS_ROOT}/Target Support Files/Pods-FIAMReferenceSwift/Pods-FIAMReferenceSwift-resources.sh\"\n";
			showEnvVarsInLog = 0;
		};
		BBF5C5D44E878689104526D9 /* [CP] Check Pods Manifest.lock */ = {
			isa = PBXShellScriptBuildPhase;
			buildActionMask = 2147483647;
			files = (
			);
			inputFileListPaths = (
			);
			inputPaths = (
				"${PODS_PODFILE_DIR_PATH}/Podfile.lock",
				"${PODS_ROOT}/Manifest.lock",
			);
			name = "[CP] Check Pods Manifest.lock";
			outputFileListPaths = (
			);
			outputPaths = (
				"$(DERIVED_FILE_DIR)/Pods-FIAMReferenceSwift-checkManifestLockResult.txt",
			);
			runOnlyForDeploymentPostprocessing = 0;
			shellPath = /bin/sh;
			shellScript = "diff \"${PODS_PODFILE_DIR_PATH}/Podfile.lock\" \"${PODS_ROOT}/Manifest.lock\" > /dev/null\nif [ $? != 0 ] ; then\n    # print error to STDERR\n    echo \"error: The sandbox is not in sync with the Podfile.lock. Run 'pod install' or update your CocoaPods installation.\" >&2\n    exit 1\nfi\n# This output is used by Xcode 'outputs' to avoid re-running this script phase.\necho \"SUCCESS\" > \"${SCRIPT_OUTPUT_FILE_0}\"\n";
			showEnvVarsInLog = 0;
		};
		C45D95F46F4377C48D861896 /* [CP] Embed Pods Frameworks */ = {
			isa = PBXShellScriptBuildPhase;
			buildActionMask = 2147483647;
			files = (
			);
			inputFileListPaths = (
				"${PODS_ROOT}/Target Support Files/Pods-FIAMReferenceSwift/Pods-FIAMReferenceSwift-frameworks-${CONFIGURATION}-input-files.xcfilelist",
			);
			name = "[CP] Embed Pods Frameworks";
			outputFileListPaths = (
				"${PODS_ROOT}/Target Support Files/Pods-FIAMReferenceSwift/Pods-FIAMReferenceSwift-frameworks-${CONFIGURATION}-output-files.xcfilelist",
			);
			runOnlyForDeploymentPostprocessing = 0;
			shellPath = /bin/sh;
			shellScript = "\"${PODS_ROOT}/Target Support Files/Pods-FIAMReferenceSwift/Pods-FIAMReferenceSwift-frameworks.sh\"\n";
			showEnvVarsInLog = 0;
		};
		C7965CB691942633E444DB3C /* [CP] Copy Pods Resources */ = {
			isa = PBXShellScriptBuildPhase;
			buildActionMask = 2147483647;
			files = (
			);
			inputFileListPaths = (
				"${PODS_ROOT}/Target Support Files/Pods-FIAMReference/Pods-FIAMReference-resources-${CONFIGURATION}-input-files.xcfilelist",
			);
			name = "[CP] Copy Pods Resources";
			outputFileListPaths = (
				"${PODS_ROOT}/Target Support Files/Pods-FIAMReference/Pods-FIAMReference-resources-${CONFIGURATION}-output-files.xcfilelist",
			);
			runOnlyForDeploymentPostprocessing = 0;
			shellPath = /bin/sh;
			shellScript = "\"${PODS_ROOT}/Target Support Files/Pods-FIAMReference/Pods-FIAMReference-resources.sh\"\n";
			showEnvVarsInLog = 0;
		};
/* End PBXShellScriptBuildPhase section */

/* Begin PBXSourcesBuildPhase section */
		3E64A794229376BB003EE93A /* Sources */ = {
			isa = PBXSourcesBuildPhase;
			buildActionMask = 2147483647;
			files = (
				3E64A7A0229376BB003EE93A /* ViewController.m in Sources */,
				3E64A7AB229376BC003EE93A /* main.m in Sources */,
				3E64A79D229376BB003EE93A /* AppDelegate.m in Sources */,
				3E64A7D522946983003EE93A /* CardActionFiamDelegate.m in Sources */,
			);
			runOnlyForDeploymentPostprocessing = 0;
		};
		3E64A7B22294513E003EE93A /* Sources */ = {
			isa = PBXSourcesBuildPhase;
			buildActionMask = 2147483647;
			files = (
				3E64A7BB2294513E003EE93A /* ViewController.swift in Sources */,
				3E64A7C9229456A3003EE93A /* CardActionFiamDelegate.swift in Sources */,
				3E64A7B92294513E003EE93A /* AppDelegate.swift in Sources */,
			);
			runOnlyForDeploymentPostprocessing = 0;
		};
/* End PBXSourcesBuildPhase section */

/* Begin PBXVariantGroup section */
		3E64A7A1229376BB003EE93A /* Main.storyboard */ = {
			isa = PBXVariantGroup;
			children = (
				3E64A7A2229376BB003EE93A /* Base */,
			);
			name = Main.storyboard;
			sourceTree = "<group>";
		};
		3E64A7A6229376BC003EE93A /* LaunchScreen.storyboard */ = {
			isa = PBXVariantGroup;
			children = (
				3E64A7A7229376BC003EE93A /* Base */,
			);
			name = LaunchScreen.storyboard;
			sourceTree = "<group>";
		};
		3E64A7BC2294513E003EE93A /* Main.storyboard */ = {
			isa = PBXVariantGroup;
			children = (
				3E64A7BD2294513E003EE93A /* Base */,
			);
			name = Main.storyboard;
			sourceTree = "<group>";
		};
		3E64A7C12294513E003EE93A /* LaunchScreen.storyboard */ = {
			isa = PBXVariantGroup;
			children = (
				3E64A7C22294513E003EE93A /* Base */,
			);
			name = LaunchScreen.storyboard;
			sourceTree = "<group>";
		};
/* End PBXVariantGroup section */

/* Begin XCBuildConfiguration section */
		3E64A7AC229376BC003EE93A /* Debug */ = {
			isa = XCBuildConfiguration;
			buildSettings = {
				ALWAYS_SEARCH_USER_PATHS = NO;
				CLANG_ANALYZER_NONNULL = YES;
				CLANG_ANALYZER_NUMBER_OBJECT_CONVERSION = YES_AGGRESSIVE;
				CLANG_CXX_LANGUAGE_STANDARD = "gnu++14";
				CLANG_CXX_LIBRARY = "libc++";
				CLANG_ENABLE_MODULES = YES;
				CLANG_ENABLE_OBJC_ARC = YES;
				CLANG_ENABLE_OBJC_WEAK = YES;
				CLANG_WARN_BLOCK_CAPTURE_AUTORELEASING = YES;
				CLANG_WARN_BOOL_CONVERSION = YES;
				CLANG_WARN_COMMA = YES;
				CLANG_WARN_CONSTANT_CONVERSION = YES;
				CLANG_WARN_DEPRECATED_OBJC_IMPLEMENTATIONS = YES;
				CLANG_WARN_DIRECT_OBJC_ISA_USAGE = YES_ERROR;
				CLANG_WARN_DOCUMENTATION_COMMENTS = YES;
				CLANG_WARN_EMPTY_BODY = YES;
				CLANG_WARN_ENUM_CONVERSION = YES;
				CLANG_WARN_INFINITE_RECURSION = YES;
				CLANG_WARN_INT_CONVERSION = YES;
				CLANG_WARN_NON_LITERAL_NULL_CONVERSION = YES;
				CLANG_WARN_OBJC_IMPLICIT_RETAIN_SELF = YES;
				CLANG_WARN_OBJC_LITERAL_CONVERSION = YES;
				CLANG_WARN_OBJC_ROOT_CLASS = YES_ERROR;
				CLANG_WARN_RANGE_LOOP_ANALYSIS = YES;
				CLANG_WARN_STRICT_PROTOTYPES = YES;
				CLANG_WARN_SUSPICIOUS_MOVE = YES;
				CLANG_WARN_UNGUARDED_AVAILABILITY = YES_AGGRESSIVE;
				CLANG_WARN_UNREACHABLE_CODE = YES;
				CLANG_WARN__DUPLICATE_METHOD_MATCH = YES;
				CODE_SIGN_IDENTITY = "iPhone Developer";
				COPY_PHASE_STRIP = NO;
				DEBUG_INFORMATION_FORMAT = dwarf;
				ENABLE_STRICT_OBJC_MSGSEND = YES;
				ENABLE_TESTABILITY = YES;
				GCC_C_LANGUAGE_STANDARD = gnu11;
				GCC_DYNAMIC_NO_PIC = NO;
				GCC_NO_COMMON_BLOCKS = YES;
				GCC_OPTIMIZATION_LEVEL = 0;
				GCC_PREPROCESSOR_DEFINITIONS = (
					"DEBUG=1",
					"$(inherited)",
				);
				GCC_WARN_64_TO_32_BIT_CONVERSION = YES;
				GCC_WARN_ABOUT_RETURN_TYPE = YES_ERROR;
				GCC_WARN_UNDECLARED_SELECTOR = YES;
				GCC_WARN_UNINITIALIZED_AUTOS = YES_AGGRESSIVE;
				GCC_WARN_UNUSED_FUNCTION = YES;
				GCC_WARN_UNUSED_VARIABLE = YES;
				IPHONEOS_DEPLOYMENT_TARGET = 12.0;
				MTL_ENABLE_DEBUG_INFO = INCLUDE_SOURCE;
				MTL_FAST_MATH = YES;
				ONLY_ACTIVE_ARCH = YES;
				SDKROOT = iphoneos;
			};
			name = Debug;
		};
		3E64A7AD229376BC003EE93A /* Release */ = {
			isa = XCBuildConfiguration;
			buildSettings = {
				ALWAYS_SEARCH_USER_PATHS = NO;
				CLANG_ANALYZER_NONNULL = YES;
				CLANG_ANALYZER_NUMBER_OBJECT_CONVERSION = YES_AGGRESSIVE;
				CLANG_CXX_LANGUAGE_STANDARD = "gnu++14";
				CLANG_CXX_LIBRARY = "libc++";
				CLANG_ENABLE_MODULES = YES;
				CLANG_ENABLE_OBJC_ARC = YES;
				CLANG_ENABLE_OBJC_WEAK = YES;
				CLANG_WARN_BLOCK_CAPTURE_AUTORELEASING = YES;
				CLANG_WARN_BOOL_CONVERSION = YES;
				CLANG_WARN_COMMA = YES;
				CLANG_WARN_CONSTANT_CONVERSION = YES;
				CLANG_WARN_DEPRECATED_OBJC_IMPLEMENTATIONS = YES;
				CLANG_WARN_DIRECT_OBJC_ISA_USAGE = YES_ERROR;
				CLANG_WARN_DOCUMENTATION_COMMENTS = YES;
				CLANG_WARN_EMPTY_BODY = YES;
				CLANG_WARN_ENUM_CONVERSION = YES;
				CLANG_WARN_INFINITE_RECURSION = YES;
				CLANG_WARN_INT_CONVERSION = YES;
				CLANG_WARN_NON_LITERAL_NULL_CONVERSION = YES;
				CLANG_WARN_OBJC_IMPLICIT_RETAIN_SELF = YES;
				CLANG_WARN_OBJC_LITERAL_CONVERSION = YES;
				CLANG_WARN_OBJC_ROOT_CLASS = YES_ERROR;
				CLANG_WARN_RANGE_LOOP_ANALYSIS = YES;
				CLANG_WARN_STRICT_PROTOTYPES = YES;
				CLANG_WARN_SUSPICIOUS_MOVE = YES;
				CLANG_WARN_UNGUARDED_AVAILABILITY = YES_AGGRESSIVE;
				CLANG_WARN_UNREACHABLE_CODE = YES;
				CLANG_WARN__DUPLICATE_METHOD_MATCH = YES;
				CODE_SIGN_IDENTITY = "iPhone Developer";
				COPY_PHASE_STRIP = NO;
				DEBUG_INFORMATION_FORMAT = "dwarf-with-dsym";
				ENABLE_NS_ASSERTIONS = NO;
				ENABLE_STRICT_OBJC_MSGSEND = YES;
				GCC_C_LANGUAGE_STANDARD = gnu11;
				GCC_NO_COMMON_BLOCKS = YES;
				GCC_WARN_64_TO_32_BIT_CONVERSION = YES;
				GCC_WARN_ABOUT_RETURN_TYPE = YES_ERROR;
				GCC_WARN_UNDECLARED_SELECTOR = YES;
				GCC_WARN_UNINITIALIZED_AUTOS = YES_AGGRESSIVE;
				GCC_WARN_UNUSED_FUNCTION = YES;
				GCC_WARN_UNUSED_VARIABLE = YES;
				IPHONEOS_DEPLOYMENT_TARGET = 12.0;
				MTL_ENABLE_DEBUG_INFO = NO;
				MTL_FAST_MATH = YES;
				SDKROOT = iphoneos;
				VALIDATE_PRODUCT = YES;
			};
			name = Release;
		};
		3E64A7AF229376BC003EE93A /* Debug */ = {
			isa = XCBuildConfiguration;
			baseConfigurationReference = B20FEECC6333640D763A6374 /* Pods-FIAMReference.debug.xcconfig */;
			buildSettings = {
				ASSETCATALOG_COMPILER_APPICON_NAME = AppIcon;
				CODE_SIGN_STYLE = Automatic;
				INFOPLIST_FILE = FIAMReference/Info.plist;
				LD_RUNPATH_SEARCH_PATHS = (
					"$(inherited)",
					"@executable_path/Frameworks",
				);
				PRODUCT_BUNDLE_IDENTIFIER = com.google.firebase.FIAMReference;
				PRODUCT_NAME = "$(TARGET_NAME)";
				TARGETED_DEVICE_FAMILY = "1,2";
			};
			name = Debug;
		};
		3E64A7B0229376BC003EE93A /* Release */ = {
			isa = XCBuildConfiguration;
			baseConfigurationReference = 9E2817EDB630021664AEF7F0 /* Pods-FIAMReference.release.xcconfig */;
			buildSettings = {
				ASSETCATALOG_COMPILER_APPICON_NAME = AppIcon;
				CODE_SIGN_STYLE = Automatic;
				INFOPLIST_FILE = FIAMReference/Info.plist;
				LD_RUNPATH_SEARCH_PATHS = (
					"$(inherited)",
					"@executable_path/Frameworks",
				);
				PRODUCT_BUNDLE_IDENTIFIER = com.google.firebase.FIAMReference;
				PRODUCT_NAME = "$(TARGET_NAME)";
				TARGETED_DEVICE_FAMILY = "1,2";
			};
			name = Release;
		};
		3E64A7C52294513E003EE93A /* Debug */ = {
			isa = XCBuildConfiguration;
			baseConfigurationReference = 8D026225BF1D8381A23B9CDD /* Pods-FIAMReferenceSwift.debug.xcconfig */;
			buildSettings = {
				ASSETCATALOG_COMPILER_APPICON_NAME = AppIcon;
				CODE_SIGN_STYLE = Automatic;
				INFOPLIST_FILE = FIAMReferenceSwift/Info.plist;
				LD_RUNPATH_SEARCH_PATHS = (
					"$(inherited)",
					"@executable_path/Frameworks",
				);
				PRODUCT_BUNDLE_IDENTIFIER = com.google.firebase.FIAMReferenceSwift;
				PRODUCT_NAME = "$(TARGET_NAME)";
				SWIFT_ACTIVE_COMPILATION_CONDITIONS = DEBUG;
				SWIFT_OPTIMIZATION_LEVEL = "-Onone";
				SWIFT_VERSION = 4.2;
				TARGETED_DEVICE_FAMILY = "1,2";
			};
			name = Debug;
		};
		3E64A7C62294513E003EE93A /* Release */ = {
			isa = XCBuildConfiguration;
			baseConfigurationReference = 60DA3A39F9552E8B37AD597C /* Pods-FIAMReferenceSwift.release.xcconfig */;
			buildSettings = {
				ASSETCATALOG_COMPILER_APPICON_NAME = AppIcon;
				CODE_SIGN_STYLE = Automatic;
				INFOPLIST_FILE = FIAMReferenceSwift/Info.plist;
				LD_RUNPATH_SEARCH_PATHS = (
					"$(inherited)",
					"@executable_path/Frameworks",
				);
				PRODUCT_BUNDLE_IDENTIFIER = com.google.firebase.FIAMReferenceSwift;
				PRODUCT_NAME = "$(TARGET_NAME)";
				SWIFT_COMPILATION_MODE = wholemodule;
				SWIFT_OPTIMIZATION_LEVEL = "-O";
				SWIFT_VERSION = 4.2;
				TARGETED_DEVICE_FAMILY = "1,2";
			};
			name = Release;
		};
/* End XCBuildConfiguration section */

/* Begin XCConfigurationList section */
		3E64A793229376BB003EE93A /* Build configuration list for PBXProject "FIAMReference" */ = {
			isa = XCConfigurationList;
			buildConfigurations = (
				3E64A7AC229376BC003EE93A /* Debug */,
				3E64A7AD229376BC003EE93A /* Release */,
			);
			defaultConfigurationIsVisible = 0;
			defaultConfigurationName = Release;
		};
		3E64A7AE229376BC003EE93A /* Build configuration list for PBXNativeTarget "FIAMReference" */ = {
			isa = XCConfigurationList;
			buildConfigurations = (
				3E64A7AF229376BC003EE93A /* Debug */,
				3E64A7B0229376BC003EE93A /* Release */,
			);
			defaultConfigurationIsVisible = 0;
			defaultConfigurationName = Release;
		};
		3E64A7C72294513E003EE93A /* Build configuration list for PBXNativeTarget "FIAMReferenceSwift" */ = {
			isa = XCConfigurationList;
			buildConfigurations = (
				3E64A7C52294513E003EE93A /* Debug */,
				3E64A7C62294513E003EE93A /* Release */,
			);
			defaultConfigurationIsVisible = 0;
			defaultConfigurationName = Release;
		};
/* End XCConfigurationList section */
	};
	rootObject = 3E64A790229376BB003EE93A /* Project object */;
}
